// !$*UTF8*$!
{
	archiveVersion = 1;
	classes = {
	};
	objectVersion = 46;
	objects = {

/* Begin PBXBuildFile section */
		021359701A782FA500959930 /* CreateListingViewController.swift in Sources */ = {isa = PBXBuildFile; fileRef = 0213596F1A782FA500959930 /* CreateListingViewController.swift */; };
		021359731A78392100959930 /* Client.swift in Sources */ = {isa = PBXBuildFile; fileRef = 021359721A78392100959930 /* Client.swift */; };
		022C971E1A7933AC00DCB1E1 /* FontAwesome.swift in Sources */ = {isa = PBXBuildFile; fileRef = 022C971D1A7933AC00DCB1E1 /* FontAwesome.swift */; };
		022C97211A7933BC00DCB1E1 /* FontAwesome.otf in Resources */ = {isa = PBXBuildFile; fileRef = 022C97201A7933BC00DCB1E1 /* FontAwesome.otf */; };
		022C97251A793B0800DCB1E1 /* SlideMenuController.swift in Sources */ = {isa = PBXBuildFile; fileRef = 022C97241A793B0800DCB1E1 /* SlideMenuController.swift */; };
		022E480D1A86CC51005E3963 /* temp.m in Sources */ = {isa = PBXBuildFile; fileRef = 022E480C1A86CC51005E3963 /* temp.m */; };
		0234273E1A792A1B009D941F /* Montserrat-Bold.ttf in Resources */ = {isa = PBXBuildFile; fileRef = 0234273C1A792A1B009D941F /* Montserrat-Bold.ttf */; };
		0234273F1A792A1B009D941F /* Montserrat-Regular.ttf in Resources */ = {isa = PBXBuildFile; fileRef = 0234273D1A792A1B009D941F /* Montserrat-Regular.ttf */; };
		0251A5F41A796772003F527A /* MenuViewController.swift in Sources */ = {isa = PBXBuildFile; fileRef = 0251A5F31A796772003F527A /* MenuViewController.swift */; };
		0251A5F91A797269003F527A /* StringExtension.swift in Sources */ = {isa = PBXBuildFile; fileRef = 0251A5F61A797269003F527A /* StringExtension.swift */; };
		0251A5FA1A797269003F527A /* UITableViewExtension.swift in Sources */ = {isa = PBXBuildFile; fileRef = 0251A5F71A797269003F527A /* UITableViewExtension.swift */; };
		0251A5FB1A797269003F527A /* UIViewControllerExtension.swift in Sources */ = {isa = PBXBuildFile; fileRef = 0251A5F81A797269003F527A /* UIViewControllerExtension.swift */; };
		0251A5FD1A799267003F527A /* ListingCell.swift in Sources */ = {isa = PBXBuildFile; fileRef = 0251A5FC1A799267003F527A /* ListingCell.swift */; };
		0273F13B1A7B4F7200BD78D4 /* SwiftyJSON.framework in Frameworks */ = {isa = PBXBuildFile; fileRef = 0273F12C1A7B4F0800BD78D4 /* SwiftyJSON.framework */; };
		0273F13C1A7B4F7200BD78D4 /* SwiftyJSON.framework in Embed Frameworks */ = {isa = PBXBuildFile; fileRef = 0273F12C1A7B4F0800BD78D4 /* SwiftyJSON.framework */; settings = {ATTRIBUTES = (CodeSignOnCopy, RemoveHeadersOnCopy, ); }; };
		0273F13F1A7B4F7700BD78D4 /* Snap.framework in Frameworks */ = {isa = PBXBuildFile; fileRef = 0273F1211A7B4EFD00BD78D4 /* Snap.framework */; };
		0273F1401A7B4F7700BD78D4 /* Snap.framework in Embed Frameworks */ = {isa = PBXBuildFile; fileRef = 0273F1211A7B4EFD00BD78D4 /* Snap.framework */; settings = {ATTRIBUTES = (CodeSignOnCopy, RemoveHeadersOnCopy, ); }; };
		028BAAE61A3E202C009D3DF9 /* AppDelegate.swift in Sources */ = {isa = PBXBuildFile; fileRef = 028BAAE51A3E202C009D3DF9 /* AppDelegate.swift */; };
		028BAAEB1A3E202C009D3DF9 /* SigninViewController.swift in Sources */ = {isa = PBXBuildFile; fileRef = 028BAAEA1A3E202C009D3DF9 /* SigninViewController.swift */; };
		028BAAEE1A3E202C009D3DF9 /* Main.storyboard in Resources */ = {isa = PBXBuildFile; fileRef = 028BAAEC1A3E202C009D3DF9 /* Main.storyboard */; };
		028BAAF01A3E202C009D3DF9 /* Images.xcassets in Resources */ = {isa = PBXBuildFile; fileRef = 028BAAEF1A3E202C009D3DF9 /* Images.xcassets */; };
		028BAAF31A3E202C009D3DF9 /* LaunchScreen.xib in Resources */ = {isa = PBXBuildFile; fileRef = 028BAAF11A3E202C009D3DF9 /* LaunchScreen.xib */; };
		028BAAFF1A3E202C009D3DF9 /* SwagSwapTests.swift in Sources */ = {isa = PBXBuildFile; fileRef = 028BAAFE1A3E202C009D3DF9 /* SwagSwapTests.swift */; };
		028D1AFC1A78255E0004B5D7 /* HomeViewController.swift in Sources */ = {isa = PBXBuildFile; fileRef = 028D1AFB1A78255E0004B5D7 /* HomeViewController.swift */; };
		02985F6F1A851642005FB05F /* Cartography.framework in Frameworks */ = {isa = PBXBuildFile; fileRef = 02985F661A851638005FB05F /* Cartography.framework */; };
		02985F701A851642005FB05F /* Cartography.framework in Embed Frameworks */ = {isa = PBXBuildFile; fileRef = 02985F661A851638005FB05F /* Cartography.framework */; settings = {ATTRIBUTES = (CodeSignOnCopy, RemoveHeadersOnCopy, ); }; };
		029BCE141A826FC80013073D /* MKButton.swift in Sources */ = {isa = PBXBuildFile; fileRef = 029BCE0D1A826FC80013073D /* MKButton.swift */; };
		029BCE151A826FC80013073D /* MKColor.swift in Sources */ = {isa = PBXBuildFile; fileRef = 029BCE0E1A826FC80013073D /* MKColor.swift */; };
		029BCE161A826FC80013073D /* MKImageView.swift in Sources */ = {isa = PBXBuildFile; fileRef = 029BCE0F1A826FC80013073D /* MKImageView.swift */; };
		029BCE171A826FC80013073D /* MKLabel.swift in Sources */ = {isa = PBXBuildFile; fileRef = 029BCE101A826FC80013073D /* MKLabel.swift */; };
		029BCE181A826FC80013073D /* MKLayer.swift in Sources */ = {isa = PBXBuildFile; fileRef = 029BCE111A826FC80013073D /* MKLayer.swift */; };
		029BCE191A826FC80013073D /* MKTableViewCell.swift in Sources */ = {isa = PBXBuildFile; fileRef = 029BCE121A826FC80013073D /* MKTableViewCell.swift */; };
		029BCE1A1A826FC80013073D /* MKTextField.swift in Sources */ = {isa = PBXBuildFile; fileRef = 029BCE131A826FC80013073D /* MKTextField.swift */; };
		029BCE1E1A8294C50013073D /* SSColor.swift in Sources */ = {isa = PBXBuildFile; fileRef = 029BCE1D1A8294C50013073D /* SSColor.swift */; };
		029BCE201A8299B80013073D /* SSTextView.swift in Sources */ = {isa = PBXBuildFile; fileRef = 029BCE1F1A8299B80013073D /* SSTextView.swift */; };
		02C0019B1A83F9A7005A7E9A /* ImageCell.swift in Sources */ = {isa = PBXBuildFile; fileRef = 02C0019A1A83F9A7005A7E9A /* ImageCell.swift */; };
		02F232741A4A05ED00C3EEDB /* Alamofire.framework in Frameworks */ = {isa = PBXBuildFile; fileRef = 02F232711A4A05E500C3EEDB /* Alamofire.framework */; };
		02F232751A4A05ED00C3EEDB /* Alamofire.framework in Embed Frameworks */ = {isa = PBXBuildFile; fileRef = 02F232711A4A05E500C3EEDB /* Alamofire.framework */; settings = {ATTRIBUTES = (CodeSignOnCopy, RemoveHeadersOnCopy, ); }; };
		02F65CC11A7AA326003790BE /* BrowseViewController.swift in Sources */ = {isa = PBXBuildFile; fileRef = 02F65CC01A7AA326003790BE /* BrowseViewController.swift */; };
		02F65CC31A7AA333003790BE /* WatchViewController.swift in Sources */ = {isa = PBXBuildFile; fileRef = 02F65CC21A7AA333003790BE /* WatchViewController.swift */; };
		02F65CC51A7AA33E003790BE /* AccountViewController.swift in Sources */ = {isa = PBXBuildFile; fileRef = 02F65CC41A7AA33E003790BE /* AccountViewController.swift */; };
		02F65CC71A7AA35B003790BE /* InboxViewController.swift in Sources */ = {isa = PBXBuildFile; fileRef = 02F65CC61A7AA35B003790BE /* InboxViewController.swift */; };
		02F65CC91A7AA36D003790BE /* SettingsViewController.swift in Sources */ = {isa = PBXBuildFile; fileRef = 02F65CC81A7AA36D003790BE /* SettingsViewController.swift */; };
		02F65CCB1A7AA37E003790BE /* HelpViewController.swift in Sources */ = {isa = PBXBuildFile; fileRef = 02F65CCA1A7AA37E003790BE /* HelpViewController.swift */; };
		8487BA433DED1CB74A5282DE /* libPods.a in Frameworks */ = {isa = PBXBuildFile; fileRef = DDE93B735B0FBEE18661B95C /* libPods.a */; };
/* End PBXBuildFile section */

/* Begin PBXContainerItemProxy section */
		0273F1201A7B4EFD00BD78D4 /* PBXContainerItemProxy */ = {
			isa = PBXContainerItemProxy;
			containerPortal = 0273F1141A7B4EFD00BD78D4 /* Snap.xcodeproj */;
			proxyType = 2;
			remoteGlobalIDString = EEBCC9D819CC627D0083B827;
			remoteInfo = Snap;
		};
		0273F1221A7B4EFD00BD78D4 /* PBXContainerItemProxy */ = {
			isa = PBXContainerItemProxy;
			containerPortal = 0273F1141A7B4EFD00BD78D4 /* Snap.xcodeproj */;
			proxyType = 2;
			remoteGlobalIDString = EEBCC9E219CC627E0083B827;
			remoteInfo = SnapTests;
		};
		0273F12B1A7B4F0800BD78D4 /* PBXContainerItemProxy */ = {
			isa = PBXContainerItemProxy;
			containerPortal = 0273F1241A7B4F0800BD78D4 /* SwiftyJSON.xcodeproj */;
			proxyType = 2;
			remoteGlobalIDString = 2E4FEFDB19575BE100351305;
			remoteInfo = "SwiftyJSON iOS";
		};
		0273F12D1A7B4F0800BD78D4 /* PBXContainerItemProxy */ = {
			isa = PBXContainerItemProxy;
			containerPortal = 0273F1241A7B4F0800BD78D4 /* SwiftyJSON.xcodeproj */;
			proxyType = 2;
			remoteGlobalIDString = 2E4FEFE619575BE100351305;
			remoteInfo = SwiftyJSONTests;
		};
		0273F13D1A7B4F7200BD78D4 /* PBXContainerItemProxy */ = {
			isa = PBXContainerItemProxy;
			containerPortal = 0273F1241A7B4F0800BD78D4 /* SwiftyJSON.xcodeproj */;
			proxyType = 1;
			remoteGlobalIDString = 2E4FEFDA19575BE100351305;
			remoteInfo = "SwiftyJSON iOS";
		};
		0273F1411A7B4F7700BD78D4 /* PBXContainerItemProxy */ = {
			isa = PBXContainerItemProxy;
			containerPortal = 0273F1141A7B4EFD00BD78D4 /* Snap.xcodeproj */;
			proxyType = 1;
			remoteGlobalIDString = EEBCC9D719CC627D0083B827;
			remoteInfo = Snap;
		};
		028BAAF91A3E202C009D3DF9 /* PBXContainerItemProxy */ = {
			isa = PBXContainerItemProxy;
			containerPortal = 028BAAD81A3E202C009D3DF9 /* Project object */;
			proxyType = 1;
			remoteGlobalIDString = 028BAADF1A3E202C009D3DF9;
			remoteInfo = SwagSwap;
		};
		02985F651A851638005FB05F /* PBXContainerItemProxy */ = {
			isa = PBXContainerItemProxy;
			containerPortal = 02985F5D1A851638005FB05F /* Cartography.xcodeproj */;
			proxyType = 2;
			remoteGlobalIDString = 54C96A11195063CD000CDD27;
			remoteInfo = "Cartography-iOS";
		};
		02985F671A851638005FB05F /* PBXContainerItemProxy */ = {
			isa = PBXContainerItemProxy;
			containerPortal = 02985F5D1A851638005FB05F /* Cartography.xcodeproj */;
			proxyType = 2;
			remoteGlobalIDString = 54C96A1C195063CD000CDD27;
			remoteInfo = "Cartography-iOS-Tests";
		};
		02985F691A851638005FB05F /* PBXContainerItemProxy */ = {
			isa = PBXContainerItemProxy;
			containerPortal = 02985F5D1A851638005FB05F /* Cartography.xcodeproj */;
			proxyType = 2;
			remoteGlobalIDString = 54F6A838195C20C100313D24;
			remoteInfo = "Cartography-Mac";
		};
		02985F6B1A851638005FB05F /* PBXContainerItemProxy */ = {
			isa = PBXContainerItemProxy;
			containerPortal = 02985F5D1A851638005FB05F /* Cartography.xcodeproj */;
			proxyType = 2;
			remoteGlobalIDString = 54F6A842195C20C200313D24;
			remoteInfo = "Cartography-Mac-Tests";
		};
		02985F711A851642005FB05F /* PBXContainerItemProxy */ = {
			isa = PBXContainerItemProxy;
			containerPortal = 02985F5D1A851638005FB05F /* Cartography.xcodeproj */;
			proxyType = 1;
			remoteGlobalIDString = 54C96A10195063CD000CDD27;
			remoteInfo = "Cartography-iOS";
		};
		02F232701A4A05E500C3EEDB /* PBXContainerItemProxy */ = {
			isa = PBXContainerItemProxy;
			containerPortal = 02F2326B1A4A05E500C3EEDB /* Alamofire.xcodeproj */;
			proxyType = 2;
			remoteGlobalIDString = F8111E3319A95C8B0040E7D1;
			remoteInfo = Alamofire;
		};
		02F232721A4A05E500C3EEDB /* PBXContainerItemProxy */ = {
			isa = PBXContainerItemProxy;
			containerPortal = 02F2326B1A4A05E500C3EEDB /* Alamofire.xcodeproj */;
			proxyType = 2;
			remoteGlobalIDString = F8111E3E19A95C8B0040E7D1;
			remoteInfo = AlamofireTests;
		};
		02F232761A4A05ED00C3EEDB /* PBXContainerItemProxy */ = {
			isa = PBXContainerItemProxy;
			containerPortal = 02F2326B1A4A05E500C3EEDB /* Alamofire.xcodeproj */;
			proxyType = 1;
			remoteGlobalIDString = F8111E3219A95C8B0040E7D1;
			remoteInfo = Alamofire;
		};
/* End PBXContainerItemProxy section */

/* Begin PBXCopyFilesBuildPhase section */
		02941A141A40CB0E00B42864 /* Embed Frameworks */ = {
			isa = PBXCopyFilesBuildPhase;
			buildActionMask = 2147483647;
			dstPath = "";
			dstSubfolderSpec = 10;
			files = (
				0273F13C1A7B4F7200BD78D4 /* SwiftyJSON.framework in Embed Frameworks */,
				02985F701A851642005FB05F /* Cartography.framework in Embed Frameworks */,
				02F232751A4A05ED00C3EEDB /* Alamofire.framework in Embed Frameworks */,
				0273F1401A7B4F7700BD78D4 /* Snap.framework in Embed Frameworks */,
			);
			name = "Embed Frameworks";
			runOnlyForDeploymentPostprocessing = 0;
		};
/* End PBXCopyFilesBuildPhase section */

/* Begin PBXFileReference section */
		0213596F1A782FA500959930 /* CreateListingViewController.swift */ = {isa = PBXFileReference; fileEncoding = 4; lastKnownFileType = sourcecode.swift; path = CreateListingViewController.swift; sourceTree = "<group>"; };
		021359721A78392100959930 /* Client.swift */ = {isa = PBXFileReference; fileEncoding = 4; lastKnownFileType = sourcecode.swift; path = Client.swift; sourceTree = "<group>"; };
		022C971D1A7933AC00DCB1E1 /* FontAwesome.swift */ = {isa = PBXFileReference; fileEncoding = 4; lastKnownFileType = sourcecode.swift; path = FontAwesome.swift; sourceTree = "<group>"; };
		022C97201A7933BC00DCB1E1 /* FontAwesome.otf */ = {isa = PBXFileReference; lastKnownFileType = file; path = FontAwesome.otf; sourceTree = "<group>"; };
		022C97241A793B0800DCB1E1 /* SlideMenuController.swift */ = {isa = PBXFileReference; fileEncoding = 4; lastKnownFileType = sourcecode.swift; path = SlideMenuController.swift; sourceTree = "<group>"; };
		022E480C1A86CC51005E3963 /* temp.m */ = {isa = PBXFileReference; fileEncoding = 4; lastKnownFileType = sourcecode.c.objc; path = temp.m; sourceTree = "<group>"; };
		0234273C1A792A1B009D941F /* Montserrat-Bold.ttf */ = {isa = PBXFileReference; lastKnownFileType = file; path = "Montserrat-Bold.ttf"; sourceTree = "<group>"; };
		0234273D1A792A1B009D941F /* Montserrat-Regular.ttf */ = {isa = PBXFileReference; lastKnownFileType = file; path = "Montserrat-Regular.ttf"; sourceTree = "<group>"; };
		0251A5F31A796772003F527A /* MenuViewController.swift */ = {isa = PBXFileReference; fileEncoding = 4; lastKnownFileType = sourcecode.swift; path = MenuViewController.swift; sourceTree = "<group>"; };
		0251A5F61A797269003F527A /* StringExtension.swift */ = {isa = PBXFileReference; fileEncoding = 4; lastKnownFileType = sourcecode.swift; path = StringExtension.swift; sourceTree = "<group>"; };
		0251A5F71A797269003F527A /* UITableViewExtension.swift */ = {isa = PBXFileReference; fileEncoding = 4; lastKnownFileType = sourcecode.swift; path = UITableViewExtension.swift; sourceTree = "<group>"; };
		0251A5F81A797269003F527A /* UIViewControllerExtension.swift */ = {isa = PBXFileReference; fileEncoding = 4; lastKnownFileType = sourcecode.swift; path = UIViewControllerExtension.swift; sourceTree = "<group>"; };
		0251A5FC1A799267003F527A /* ListingCell.swift */ = {isa = PBXFileReference; fileEncoding = 4; lastKnownFileType = sourcecode.swift; path = ListingCell.swift; sourceTree = "<group>"; };
		0273F1141A7B4EFD00BD78D4 /* Snap.xcodeproj */ = {isa = PBXFileReference; lastKnownFileType = "wrapper.pb-project"; name = Snap.xcodeproj; path = Snap/Snap.xcodeproj; sourceTree = "<group>"; };
		0273F1241A7B4F0800BD78D4 /* SwiftyJSON.xcodeproj */ = {isa = PBXFileReference; lastKnownFileType = "wrapper.pb-project"; name = SwiftyJSON.xcodeproj; path = SwiftyJSON/SwiftyJSON.xcodeproj; sourceTree = "<group>"; };
		028BAAE01A3E202C009D3DF9 /* SwagSwap.app */ = {isa = PBXFileReference; explicitFileType = wrapper.application; includeInIndex = 0; path = SwagSwap.app; sourceTree = BUILT_PRODUCTS_DIR; };
		028BAAE41A3E202C009D3DF9 /* Info.plist */ = {isa = PBXFileReference; lastKnownFileType = text.plist.xml; path = Info.plist; sourceTree = "<group>"; };
		028BAAE51A3E202C009D3DF9 /* AppDelegate.swift */ = {isa = PBXFileReference; lastKnownFileType = sourcecode.swift; path = AppDelegate.swift; sourceTree = "<group>"; };
		028BAAEA1A3E202C009D3DF9 /* SigninViewController.swift */ = {isa = PBXFileReference; lastKnownFileType = sourcecode.swift; path = SigninViewController.swift; sourceTree = "<group>"; };
		028BAAED1A3E202C009D3DF9 /* Base */ = {isa = PBXFileReference; lastKnownFileType = file.storyboard; name = Base; path = Base.lproj/Main.storyboard; sourceTree = "<group>"; };
		028BAAEF1A3E202C009D3DF9 /* Images.xcassets */ = {isa = PBXFileReference; lastKnownFileType = folder.assetcatalog; path = Images.xcassets; sourceTree = "<group>"; };
		028BAAF21A3E202C009D3DF9 /* Base */ = {isa = PBXFileReference; lastKnownFileType = file.xib; name = Base; path = Base.lproj/LaunchScreen.xib; sourceTree = "<group>"; };
		028BAAF81A3E202C009D3DF9 /* SwagSwapTests.xctest */ = {isa = PBXFileReference; explicitFileType = wrapper.cfbundle; includeInIndex = 0; path = SwagSwapTests.xctest; sourceTree = BUILT_PRODUCTS_DIR; };
		028BAAFD1A3E202C009D3DF9 /* Info.plist */ = {isa = PBXFileReference; lastKnownFileType = text.plist.xml; path = Info.plist; sourceTree = "<group>"; };
		028BAAFE1A3E202C009D3DF9 /* SwagSwapTests.swift */ = {isa = PBXFileReference; lastKnownFileType = sourcecode.swift; path = SwagSwapTests.swift; sourceTree = "<group>"; };
		028D1AFB1A78255E0004B5D7 /* HomeViewController.swift */ = {isa = PBXFileReference; fileEncoding = 4; lastKnownFileType = sourcecode.swift; path = HomeViewController.swift; sourceTree = "<group>"; };
		02985F5D1A851638005FB05F /* Cartography.xcodeproj */ = {isa = PBXFileReference; lastKnownFileType = "wrapper.pb-project"; name = Cartography.xcodeproj; path = Cartography/Cartography.xcodeproj; sourceTree = "<group>"; };
		029BCE0D1A826FC80013073D /* MKButton.swift */ = {isa = PBXFileReference; fileEncoding = 4; lastKnownFileType = sourcecode.swift; path = MKButton.swift; sourceTree = "<group>"; };
		029BCE0E1A826FC80013073D /* MKColor.swift */ = {isa = PBXFileReference; fileEncoding = 4; lastKnownFileType = sourcecode.swift; path = MKColor.swift; sourceTree = "<group>"; };
		029BCE0F1A826FC80013073D /* MKImageView.swift */ = {isa = PBXFileReference; fileEncoding = 4; lastKnownFileType = sourcecode.swift; path = MKImageView.swift; sourceTree = "<group>"; };
		029BCE101A826FC80013073D /* MKLabel.swift */ = {isa = PBXFileReference; fileEncoding = 4; lastKnownFileType = sourcecode.swift; path = MKLabel.swift; sourceTree = "<group>"; };
		029BCE111A826FC80013073D /* MKLayer.swift */ = {isa = PBXFileReference; fileEncoding = 4; lastKnownFileType = sourcecode.swift; path = MKLayer.swift; sourceTree = "<group>"; };
		029BCE121A826FC80013073D /* MKTableViewCell.swift */ = {isa = PBXFileReference; fileEncoding = 4; lastKnownFileType = sourcecode.swift; path = MKTableViewCell.swift; sourceTree = "<group>"; };
		029BCE131A826FC80013073D /* MKTextField.swift */ = {isa = PBXFileReference; fileEncoding = 4; lastKnownFileType = sourcecode.swift; path = MKTextField.swift; sourceTree = "<group>"; };
		029BCE1D1A8294C50013073D /* SSColor.swift */ = {isa = PBXFileReference; fileEncoding = 4; lastKnownFileType = sourcecode.swift; name = SSColor.swift; path = Source/SSColor.swift; sourceTree = "<group>"; };
		029BCE1F1A8299B80013073D /* SSTextView.swift */ = {isa = PBXFileReference; fileEncoding = 4; lastKnownFileType = sourcecode.swift; path = SSTextView.swift; sourceTree = "<group>"; };
		02B0023C1A3F692E00DE8703 /* SwagSwap-Bridging-Header.h */ = {isa = PBXFileReference; lastKnownFileType = sourcecode.c.h; lineEnding = 0; path = "SwagSwap-Bridging-Header.h"; sourceTree = "<group>"; };
		02C0019A1A83F9A7005A7E9A /* ImageCell.swift */ = {isa = PBXFileReference; fileEncoding = 4; lastKnownFileType = sourcecode.swift; path = ImageCell.swift; sourceTree = "<group>"; };
		02F2326B1A4A05E500C3EEDB /* Alamofire.xcodeproj */ = {isa = PBXFileReference; lastKnownFileType = "wrapper.pb-project"; name = Alamofire.xcodeproj; path = Alamofire/Alamofire.xcodeproj; sourceTree = "<group>"; };
		02F65CC01A7AA326003790BE /* BrowseViewController.swift */ = {isa = PBXFileReference; fileEncoding = 4; lastKnownFileType = sourcecode.swift; path = BrowseViewController.swift; sourceTree = "<group>"; };
		02F65CC21A7AA333003790BE /* WatchViewController.swift */ = {isa = PBXFileReference; fileEncoding = 4; lastKnownFileType = sourcecode.swift; path = WatchViewController.swift; sourceTree = "<group>"; };
		02F65CC41A7AA33E003790BE /* AccountViewController.swift */ = {isa = PBXFileReference; fileEncoding = 4; lastKnownFileType = sourcecode.swift; path = AccountViewController.swift; sourceTree = "<group>"; };
		02F65CC61A7AA35B003790BE /* InboxViewController.swift */ = {isa = PBXFileReference; fileEncoding = 4; lastKnownFileType = sourcecode.swift; path = InboxViewController.swift; sourceTree = "<group>"; };
		02F65CC81A7AA36D003790BE /* SettingsViewController.swift */ = {isa = PBXFileReference; fileEncoding = 4; lastKnownFileType = sourcecode.swift; path = SettingsViewController.swift; sourceTree = "<group>"; };
		02F65CCA1A7AA37E003790BE /* HelpViewController.swift */ = {isa = PBXFileReference; fileEncoding = 4; lastKnownFileType = sourcecode.swift; path = HelpViewController.swift; sourceTree = "<group>"; };
		63C1BF895F32B4190E92ABED /* Pods.debug.xcconfig */ = {isa = PBXFileReference; includeInIndex = 1; lastKnownFileType = text.xcconfig; name = Pods.debug.xcconfig; path = "Pods/Target Support Files/Pods/Pods.debug.xcconfig"; sourceTree = "<group>"; };
		DDE93B735B0FBEE18661B95C /* libPods.a */ = {isa = PBXFileReference; explicitFileType = archive.ar; includeInIndex = 0; path = libPods.a; sourceTree = BUILT_PRODUCTS_DIR; };
		EEDADA343ADAAD41694118EA /* Pods.release.xcconfig */ = {isa = PBXFileReference; includeInIndex = 1; lastKnownFileType = text.xcconfig; name = Pods.release.xcconfig; path = "Pods/Target Support Files/Pods/Pods.release.xcconfig"; sourceTree = "<group>"; };
/* End PBXFileReference section */

/* Begin PBXFrameworksBuildPhase section */
		028BAADD1A3E202C009D3DF9 /* Frameworks */ = {
			isa = PBXFrameworksBuildPhase;
			buildActionMask = 2147483647;
			files = (
				0273F13F1A7B4F7700BD78D4 /* Snap.framework in Frameworks */,
				02F232741A4A05ED00C3EEDB /* Alamofire.framework in Frameworks */,
				02985F6F1A851642005FB05F /* Cartography.framework in Frameworks */,
				8487BA433DED1CB74A5282DE /* libPods.a in Frameworks */,
				0273F13B1A7B4F7200BD78D4 /* SwiftyJSON.framework in Frameworks */,
			);
			runOnlyForDeploymentPostprocessing = 0;
		};
		028BAAF51A3E202C009D3DF9 /* Frameworks */ = {
			isa = PBXFrameworksBuildPhase;
			buildActionMask = 2147483647;
			files = (
			);
			runOnlyForDeploymentPostprocessing = 0;
		};
/* End PBXFrameworksBuildPhase section */

/* Begin PBXGroup section */
		022C97261A793B1D00DCB1E1 /* Fonts */ = {
			isa = PBXGroup;
			children = (
				022C971D1A7933AC00DCB1E1 /* FontAwesome.swift */,
				022C97201A7933BC00DCB1E1 /* FontAwesome.otf */,
				0234273C1A792A1B009D941F /* Montserrat-Bold.ttf */,
				0234273D1A792A1B009D941F /* Montserrat-Regular.ttf */,
			);
			name = Fonts;
			sourceTree = "<group>";
		};
		022C97271A793B3000DCB1E1 /* SlideMenu */ = {
			isa = PBXGroup;
			children = (
				022C97241A793B0800DCB1E1 /* SlideMenuController.swift */,
				0251A5F71A797269003F527A /* UITableViewExtension.swift */,
				0251A5F81A797269003F527A /* UIViewControllerExtension.swift */,
				0251A5F61A797269003F527A /* StringExtension.swift */,
			);
			name = SlideMenu;
			sourceTree = "<group>";
		};
		0273F1151A7B4EFD00BD78D4 /* Products */ = {
			isa = PBXGroup;
			children = (
				0273F1211A7B4EFD00BD78D4 /* Snap.framework */,
				0273F1231A7B4EFD00BD78D4 /* SnapTests.xctest */,
			);
			name = Products;
			sourceTree = "<group>";
		};
		0273F1251A7B4F0800BD78D4 /* Products */ = {
			isa = PBXGroup;
			children = (
				0273F12C1A7B4F0800BD78D4 /* SwiftyJSON.framework */,
				0273F12E1A7B4F0800BD78D4 /* SwiftyJSONTests.xctest */,
			);
			name = Products;
			sourceTree = "<group>";
		};
		028BAAD71A3E202C009D3DF9 = {
			isa = PBXGroup;
			children = (
				02985F5D1A851638005FB05F /* Cartography.xcodeproj */,
				0273F1241A7B4F0800BD78D4 /* SwiftyJSON.xcodeproj */,
				0273F1141A7B4EFD00BD78D4 /* Snap.xcodeproj */,
				02F2326B1A4A05E500C3EEDB /* Alamofire.xcodeproj */,
				028BAAE21A3E202C009D3DF9 /* SwagSwap */,
				028BAAFB1A3E202C009D3DF9 /* SwagSwapTests */,
				028BAAE11A3E202C009D3DF9 /* Products */,
				E6E5C42CADFB6F42662C0747 /* Frameworks */,
				B40D8422AB93AE25F16892E3 /* Pods */,
			);
			sourceTree = "<group>";
		};
		028BAAE11A3E202C009D3DF9 /* Products */ = {
			isa = PBXGroup;
			children = (
				028BAAE01A3E202C009D3DF9 /* SwagSwap.app */,
				028BAAF81A3E202C009D3DF9 /* SwagSwapTests.xctest */,
			);
			name = Products;
			sourceTree = "<group>";
		};
		028BAAE21A3E202C009D3DF9 /* SwagSwap */ = {
			isa = PBXGroup;
			children = (
				028BAAEC1A3E202C009D3DF9 /* Main.storyboard */,
				021359721A78392100959930 /* Client.swift */,
				028BAAE51A3E202C009D3DF9 /* AppDelegate.swift */,
				028BAAEA1A3E202C009D3DF9 /* SigninViewController.swift */,
				0251A5F31A796772003F527A /* MenuViewController.swift */,
				028D1AFB1A78255E0004B5D7 /* HomeViewController.swift */,
				02F65CC01A7AA326003790BE /* BrowseViewController.swift */,
				02F65CC21A7AA333003790BE /* WatchViewController.swift */,
				02F65CC41A7AA33E003790BE /* AccountViewController.swift */,
				02F65CC61A7AA35B003790BE /* InboxViewController.swift */,
				02F65CC81A7AA36D003790BE /* SettingsViewController.swift */,
				02F65CCA1A7AA37E003790BE /* HelpViewController.swift */,
				0213596F1A782FA500959930 /* CreateListingViewController.swift */,
				02C0019F1A83F9C5005A7E9A /* Collection View Cells */,
				028BAAE31A3E202C009D3DF9 /* Supporting Files */,
				028D1AFD1A7829390004B5D7 /* Additional Files */,
				022E480C1A86CC51005E3963 /* temp.m */,
			);
			path = SwagSwap;
			sourceTree = "<group>";
		};
		028BAAE31A3E202C009D3DF9 /* Supporting Files */ = {
			isa = PBXGroup;
			children = (
				028BAAE41A3E202C009D3DF9 /* Info.plist */,
			);
			name = "Supporting Files";
			sourceTree = "<group>";
		};
		028BAAFB1A3E202C009D3DF9 /* SwagSwapTests */ = {
			isa = PBXGroup;
			children = (
				028BAAFE1A3E202C009D3DF9 /* SwagSwapTests.swift */,
				028BAAFC1A3E202C009D3DF9 /* Supporting Files */,
			);
			path = SwagSwapTests;
			sourceTree = "<group>";
		};
		028BAAFC1A3E202C009D3DF9 /* Supporting Files */ = {
			isa = PBXGroup;
			children = (
				028BAAFD1A3E202C009D3DF9 /* Info.plist */,
			);
			name = "Supporting Files";
			sourceTree = "<group>";
		};
		028D1AFD1A7829390004B5D7 /* Additional Files */ = {
			isa = PBXGroup;
			children = (
				029BCE1D1A8294C50013073D /* SSColor.swift */,
				029BCE1F1A8299B80013073D /* SSTextView.swift */,
				029BCE0C1A826FC80013073D /* MaterialKit */,
				022C97261A793B1D00DCB1E1 /* Fonts */,
				022C97271A793B3000DCB1E1 /* SlideMenu */,
				028BAAF11A3E202C009D3DF9 /* LaunchScreen.xib */,
				028BAAEF1A3E202C009D3DF9 /* Images.xcassets */,
				02B0023C1A3F692E00DE8703 /* SwagSwap-Bridging-Header.h */,
			);
			name = "Additional Files";
			sourceTree = "<group>";
		};
		02985F5E1A851638005FB05F /* Products */ = {
			isa = PBXGroup;
			children = (
				02985F661A851638005FB05F /* Cartography.framework */,
				02985F681A851638005FB05F /* Cartography-iOS-Tests.xctest */,
				02985F6A1A851638005FB05F /* Cartography.framework */,
				02985F6C1A851638005FB05F /* Cartography-Mac-Tests.xctest */,
			);
			name = Products;
			sourceTree = "<group>";
		};
		029BCE0C1A826FC80013073D /* MaterialKit */ = {
			isa = PBXGroup;
			children = (
				029BCE0D1A826FC80013073D /* MKButton.swift */,
				029BCE0E1A826FC80013073D /* MKColor.swift */,
				029BCE0F1A826FC80013073D /* MKImageView.swift */,
				029BCE101A826FC80013073D /* MKLabel.swift */,
				029BCE111A826FC80013073D /* MKLayer.swift */,
				029BCE121A826FC80013073D /* MKTableViewCell.swift */,
				029BCE131A826FC80013073D /* MKTextField.swift */,
			);
			name = MaterialKit;
			path = Source;
			sourceTree = "<group>";
		};
		02C0019F1A83F9C5005A7E9A /* Collection View Cells */ = {
			isa = PBXGroup;
			children = (
				0251A5FC1A799267003F527A /* ListingCell.swift */,
				02C0019A1A83F9A7005A7E9A /* ImageCell.swift */,
			);
			name = "Collection View Cells";
			sourceTree = "<group>";
		};
		02F2326C1A4A05E500C3EEDB /* Products */ = {
			isa = PBXGroup;
			children = (
				02F232711A4A05E500C3EEDB /* Alamofire.framework */,
				02F232731A4A05E500C3EEDB /* Alamofire iOS Tests.xctest */,
			);
			name = Products;
			sourceTree = "<group>";
		};
		B40D8422AB93AE25F16892E3 /* Pods */ = {
			isa = PBXGroup;
			children = (
				63C1BF895F32B4190E92ABED /* Pods.debug.xcconfig */,
				EEDADA343ADAAD41694118EA /* Pods.release.xcconfig */,
			);
			name = Pods;
			sourceTree = "<group>";
		};
		E6E5C42CADFB6F42662C0747 /* Frameworks */ = {
			isa = PBXGroup;
			children = (
				DDE93B735B0FBEE18661B95C /* libPods.a */,
			);
			name = Frameworks;
			sourceTree = "<group>";
		};
/* End PBXGroup section */

/* Begin PBXNativeTarget section */
		028BAADF1A3E202C009D3DF9 /* SwagSwap */ = {
			isa = PBXNativeTarget;
			buildConfigurationList = 028BAB021A3E202C009D3DF9 /* Build configuration list for PBXNativeTarget "SwagSwap" */;
			buildPhases = (
				33C35EFE57C07F8F0191BD65 /* Check Pods Manifest.lock */,
				028BAADC1A3E202C009D3DF9 /* Sources */,
				028BAADD1A3E202C009D3DF9 /* Frameworks */,
				028BAADE1A3E202C009D3DF9 /* Resources */,
				02941A141A40CB0E00B42864 /* Embed Frameworks */,
				C0E00305FB70B7CA21714184 /* Copy Pods Resources */,
			);
			buildRules = (
			);
			dependencies = (
				02F232771A4A05ED00C3EEDB /* PBXTargetDependency */,
				0273F13E1A7B4F7200BD78D4 /* PBXTargetDependency */,
				0273F1421A7B4F7700BD78D4 /* PBXTargetDependency */,
				02985F721A851642005FB05F /* PBXTargetDependency */,
			);
			name = SwagSwap;
			productName = SwagSwap;
			productReference = 028BAAE01A3E202C009D3DF9 /* SwagSwap.app */;
			productType = "com.apple.product-type.application";
		};
		028BAAF71A3E202C009D3DF9 /* SwagSwapTests */ = {
			isa = PBXNativeTarget;
			buildConfigurationList = 028BAB051A3E202C009D3DF9 /* Build configuration list for PBXNativeTarget "SwagSwapTests" */;
			buildPhases = (
				028BAAF41A3E202C009D3DF9 /* Sources */,
				028BAAF51A3E202C009D3DF9 /* Frameworks */,
				028BAAF61A3E202C009D3DF9 /* Resources */,
			);
			buildRules = (
			);
			dependencies = (
				028BAAFA1A3E202C009D3DF9 /* PBXTargetDependency */,
			);
			name = SwagSwapTests;
			productName = SwagSwapTests;
			productReference = 028BAAF81A3E202C009D3DF9 /* SwagSwapTests.xctest */;
			productType = "com.apple.product-type.bundle.unit-test";
		};
/* End PBXNativeTarget section */

/* Begin PBXProject section */
		028BAAD81A3E202C009D3DF9 /* Project object */ = {
			isa = PBXProject;
			attributes = {
				LastUpgradeCheck = 0610;
				ORGANIZATIONNAME = loganisitt;
				TargetAttributes = {
					028BAADF1A3E202C009D3DF9 = {
						CreatedOnToolsVersion = 6.1.1;
					};
					028BAAF71A3E202C009D3DF9 = {
						CreatedOnToolsVersion = 6.1.1;
						TestTargetID = 028BAADF1A3E202C009D3DF9;
					};
				};
			};
			buildConfigurationList = 028BAADB1A3E202C009D3DF9 /* Build configuration list for PBXProject "SwagSwap" */;
			compatibilityVersion = "Xcode 3.2";
			developmentRegion = English;
			hasScannedForEncodings = 0;
			knownRegions = (
				en,
				Base,
			);
			mainGroup = 028BAAD71A3E202C009D3DF9;
			productRefGroup = 028BAAE11A3E202C009D3DF9 /* Products */;
			projectDirPath = "";
			projectReferences = (
				{
					ProductGroup = 02F2326C1A4A05E500C3EEDB /* Products */;
					ProjectRef = 02F2326B1A4A05E500C3EEDB /* Alamofire.xcodeproj */;
				},
				{
					ProductGroup = 02985F5E1A851638005FB05F /* Products */;
					ProjectRef = 02985F5D1A851638005FB05F /* Cartography.xcodeproj */;
				},
				{
					ProductGroup = 0273F1151A7B4EFD00BD78D4 /* Products */;
					ProjectRef = 0273F1141A7B4EFD00BD78D4 /* Snap.xcodeproj */;
				},
				{
					ProductGroup = 0273F1251A7B4F0800BD78D4 /* Products */;
					ProjectRef = 0273F1241A7B4F0800BD78D4 /* SwiftyJSON.xcodeproj */;
				},
			);
			projectRoot = "";
			targets = (
				028BAADF1A3E202C009D3DF9 /* SwagSwap */,
				028BAAF71A3E202C009D3DF9 /* SwagSwapTests */,
			);
		};
/* End PBXProject section */

/* Begin PBXReferenceProxy section */
		0273F1211A7B4EFD00BD78D4 /* Snap.framework */ = {
			isa = PBXReferenceProxy;
			fileType = wrapper.framework;
			path = Snap.framework;
			remoteRef = 0273F1201A7B4EFD00BD78D4 /* PBXContainerItemProxy */;
			sourceTree = BUILT_PRODUCTS_DIR;
		};
		0273F1231A7B4EFD00BD78D4 /* SnapTests.xctest */ = {
			isa = PBXReferenceProxy;
			fileType = wrapper.cfbundle;
			path = SnapTests.xctest;
			remoteRef = 0273F1221A7B4EFD00BD78D4 /* PBXContainerItemProxy */;
			sourceTree = BUILT_PRODUCTS_DIR;
		};
		0273F12C1A7B4F0800BD78D4 /* SwiftyJSON.framework */ = {
			isa = PBXReferenceProxy;
			fileType = wrapper.framework;
			path = SwiftyJSON.framework;
			remoteRef = 0273F12B1A7B4F0800BD78D4 /* PBXContainerItemProxy */;
			sourceTree = BUILT_PRODUCTS_DIR;
		};
		0273F12E1A7B4F0800BD78D4 /* SwiftyJSONTests.xctest */ = {
			isa = PBXReferenceProxy;
			fileType = wrapper.cfbundle;
			path = SwiftyJSONTests.xctest;
			remoteRef = 0273F12D1A7B4F0800BD78D4 /* PBXContainerItemProxy */;
			sourceTree = BUILT_PRODUCTS_DIR;
		};
		02985F661A851638005FB05F /* Cartography.framework */ = {
			isa = PBXReferenceProxy;
			fileType = wrapper.framework;
			path = Cartography.framework;
			remoteRef = 02985F651A851638005FB05F /* PBXContainerItemProxy */;
			sourceTree = BUILT_PRODUCTS_DIR;
		};
		02985F681A851638005FB05F /* Cartography-iOS-Tests.xctest */ = {
			isa = PBXReferenceProxy;
			fileType = wrapper.cfbundle;
			path = "Cartography-iOS-Tests.xctest";
			remoteRef = 02985F671A851638005FB05F /* PBXContainerItemProxy */;
			sourceTree = BUILT_PRODUCTS_DIR;
		};
		02985F6A1A851638005FB05F /* Cartography.framework */ = {
			isa = PBXReferenceProxy;
			fileType = wrapper.framework;
			path = Cartography.framework;
			remoteRef = 02985F691A851638005FB05F /* PBXContainerItemProxy */;
			sourceTree = BUILT_PRODUCTS_DIR;
		};
		02985F6C1A851638005FB05F /* Cartography-Mac-Tests.xctest */ = {
			isa = PBXReferenceProxy;
			fileType = wrapper.cfbundle;
			path = "Cartography-Mac-Tests.xctest";
			remoteRef = 02985F6B1A851638005FB05F /* PBXContainerItemProxy */;
			sourceTree = BUILT_PRODUCTS_DIR;
		};
		02F232711A4A05E500C3EEDB /* Alamofire.framework */ = {
			isa = PBXReferenceProxy;
			fileType = wrapper.framework;
			path = Alamofire.framework;
			remoteRef = 02F232701A4A05E500C3EEDB /* PBXContainerItemProxy */;
			sourceTree = BUILT_PRODUCTS_DIR;
		};
		02F232731A4A05E500C3EEDB /* Alamofire iOS Tests.xctest */ = {
			isa = PBXReferenceProxy;
			fileType = wrapper.cfbundle;
			path = "Alamofire iOS Tests.xctest";
			remoteRef = 02F232721A4A05E500C3EEDB /* PBXContainerItemProxy */;
			sourceTree = BUILT_PRODUCTS_DIR;
		};
/* End PBXReferenceProxy section */

/* Begin PBXResourcesBuildPhase section */
		028BAADE1A3E202C009D3DF9 /* Resources */ = {
			isa = PBXResourcesBuildPhase;
			buildActionMask = 2147483647;
			files = (
				0234273E1A792A1B009D941F /* Montserrat-Bold.ttf in Resources */,
				028BAAEE1A3E202C009D3DF9 /* Main.storyboard in Resources */,
				022C97211A7933BC00DCB1E1 /* FontAwesome.otf in Resources */,
				028BAAF31A3E202C009D3DF9 /* LaunchScreen.xib in Resources */,
				0234273F1A792A1B009D941F /* Montserrat-Regular.ttf in Resources */,
				028BAAF01A3E202C009D3DF9 /* Images.xcassets in Resources */,
			);
			runOnlyForDeploymentPostprocessing = 0;
		};
		028BAAF61A3E202C009D3DF9 /* Resources */ = {
			isa = PBXResourcesBuildPhase;
			buildActionMask = 2147483647;
			files = (
			);
			runOnlyForDeploymentPostprocessing = 0;
		};
/* End PBXResourcesBuildPhase section */

/* Begin PBXShellScriptBuildPhase section */
		33C35EFE57C07F8F0191BD65 /* Check Pods Manifest.lock */ = {
			isa = PBXShellScriptBuildPhase;
			buildActionMask = 2147483647;
			files = (
			);
			inputPaths = (
			);
			name = "Check Pods Manifest.lock";
			outputPaths = (
			);
			runOnlyForDeploymentPostprocessing = 0;
			shellPath = /bin/sh;
			shellScript = "diff \"${PODS_ROOT}/../Podfile.lock\" \"${PODS_ROOT}/Manifest.lock\" > /dev/null\nif [[ $? != 0 ]] ; then\n    cat << EOM\nerror: The sandbox is not in sync with the Podfile.lock. Run 'pod install' or update your CocoaPods installation.\nEOM\n    exit 1\nfi\n";
			showEnvVarsInLog = 0;
		};
		C0E00305FB70B7CA21714184 /* Copy Pods Resources */ = {
			isa = PBXShellScriptBuildPhase;
			buildActionMask = 2147483647;
			files = (
			);
			inputPaths = (
			);
			name = "Copy Pods Resources";
			outputPaths = (
			);
			runOnlyForDeploymentPostprocessing = 0;
			shellPath = /bin/sh;
			shellScript = "\"${SRCROOT}/Pods/Target Support Files/Pods/Pods-resources.sh\"\n";
			showEnvVarsInLog = 0;
		};
/* End PBXShellScriptBuildPhase section */

/* Begin PBXSourcesBuildPhase section */
		028BAADC1A3E202C009D3DF9 /* Sources */ = {
			isa = PBXSourcesBuildPhase;
			buildActionMask = 2147483647;
			files = (
				028BAAEB1A3E202C009D3DF9 /* SigninViewController.swift in Sources */,
				029BCE141A826FC80013073D /* MKButton.swift in Sources */,
				022E480D1A86CC51005E3963 /* temp.m in Sources */,
				029BCE161A826FC80013073D /* MKImageView.swift in Sources */,
				021359701A782FA500959930 /* CreateListingViewController.swift in Sources */,
				029BCE151A826FC80013073D /* MKColor.swift in Sources */,
				0251A5F91A797269003F527A /* StringExtension.swift in Sources */,
				02F65CC71A7AA35B003790BE /* InboxViewController.swift in Sources */,
				029BCE181A826FC80013073D /* MKLayer.swift in Sources */,
				021359731A78392100959930 /* Client.swift in Sources */,
				0251A5FA1A797269003F527A /* UITableViewExtension.swift in Sources */,
				0251A5F41A796772003F527A /* MenuViewController.swift in Sources */,
				029BCE1A1A826FC80013073D /* MKTextField.swift in Sources */,
				029BCE191A826FC80013073D /* MKTableViewCell.swift in Sources */,
				02F65CC31A7AA333003790BE /* WatchViewController.swift in Sources */,
				0251A5FD1A799267003F527A /* ListingCell.swift in Sources */,
				02C0019B1A83F9A7005A7E9A /* ImageCell.swift in Sources */,
				028BAAE61A3E202C009D3DF9 /* AppDelegate.swift in Sources */,
				0251A5FB1A797269003F527A /* UIViewControllerExtension.swift in Sources */,
				022C971E1A7933AC00DCB1E1 /* FontAwesome.swift in Sources */,
				02F65CC91A7AA36D003790BE /* SettingsViewController.swift in Sources */,
				029BCE201A8299B80013073D /* SSTextView.swift in Sources */,
				02F65CCB1A7AA37E003790BE /* HelpViewController.swift in Sources */,
				02F65CC51A7AA33E003790BE /* AccountViewController.swift in Sources */,
				029BCE171A826FC80013073D /* MKLabel.swift in Sources */,
				022C97251A793B0800DCB1E1 /* SlideMenuController.swift in Sources */,
				028D1AFC1A78255E0004B5D7 /* HomeViewController.swift in Sources */,
				02F65CC11A7AA326003790BE /* BrowseViewController.swift in Sources */,
				029BCE1E1A8294C50013073D /* SSColor.swift in Sources */,
			);
			runOnlyForDeploymentPostprocessing = 0;
		};
		028BAAF41A3E202C009D3DF9 /* Sources */ = {
			isa = PBXSourcesBuildPhase;
			buildActionMask = 2147483647;
			files = (
				028BAAFF1A3E202C009D3DF9 /* SwagSwapTests.swift in Sources */,
			);
			runOnlyForDeploymentPostprocessing = 0;
		};
/* End PBXSourcesBuildPhase section */

/* Begin PBXTargetDependency section */
		0273F13E1A7B4F7200BD78D4 /* PBXTargetDependency */ = {
			isa = PBXTargetDependency;
			name = "SwiftyJSON iOS";
			targetProxy = 0273F13D1A7B4F7200BD78D4 /* PBXContainerItemProxy */;
		};
		0273F1421A7B4F7700BD78D4 /* PBXTargetDependency */ = {
			isa = PBXTargetDependency;
			name = Snap;
			targetProxy = 0273F1411A7B4F7700BD78D4 /* PBXContainerItemProxy */;
		};
		028BAAFA1A3E202C009D3DF9 /* PBXTargetDependency */ = {
			isa = PBXTargetDependency;
			target = 028BAADF1A3E202C009D3DF9 /* SwagSwap */;
			targetProxy = 028BAAF91A3E202C009D3DF9 /* PBXContainerItemProxy */;
		};
		02985F721A851642005FB05F /* PBXTargetDependency */ = {
			isa = PBXTargetDependency;
			name = "Cartography-iOS";
			targetProxy = 02985F711A851642005FB05F /* PBXContainerItemProxy */;
		};
		02F232771A4A05ED00C3EEDB /* PBXTargetDependency */ = {
			isa = PBXTargetDependency;
			name = Alamofire;
			targetProxy = 02F232761A4A05ED00C3EEDB /* PBXContainerItemProxy */;
		};
/* End PBXTargetDependency section */

/* Begin PBXVariantGroup section */
		028BAAEC1A3E202C009D3DF9 /* Main.storyboard */ = {
			isa = PBXVariantGroup;
			children = (
				028BAAED1A3E202C009D3DF9 /* Base */,
			);
			name = Main.storyboard;
			sourceTree = "<group>";
		};
		028BAAF11A3E202C009D3DF9 /* LaunchScreen.xib */ = {
			isa = PBXVariantGroup;
			children = (
				028BAAF21A3E202C009D3DF9 /* Base */,
			);
			name = LaunchScreen.xib;
			sourceTree = "<group>";
		};
/* End PBXVariantGroup section */

/* Begin XCBuildConfiguration section */
		028BAB001A3E202C009D3DF9 /* Debug */ = {
			isa = XCBuildConfiguration;
			buildSettings = {
				ALWAYS_SEARCH_USER_PATHS = NO;
				CLANG_CXX_LANGUAGE_STANDARD = "gnu++0x";
				CLANG_CXX_LIBRARY = "libc++";
				CLANG_ENABLE_MODULES = YES;
				CLANG_ENABLE_OBJC_ARC = YES;
				CLANG_WARN_BOOL_CONVERSION = YES;
				CLANG_WARN_CONSTANT_CONVERSION = YES;
				CLANG_WARN_DIRECT_OBJC_ISA_USAGE = YES_ERROR;
				CLANG_WARN_EMPTY_BODY = YES;
				CLANG_WARN_ENUM_CONVERSION = YES;
				CLANG_WARN_INT_CONVERSION = YES;
				CLANG_WARN_OBJC_ROOT_CLASS = YES_ERROR;
				CLANG_WARN_UNREACHABLE_CODE = YES;
				CLANG_WARN__DUPLICATE_METHOD_MATCH = YES;
				"CODE_SIGN_IDENTITY[sdk=iphoneos*]" = "iPhone Developer";
				COPY_PHASE_STRIP = NO;
				ENABLE_STRICT_OBJC_MSGSEND = YES;
				GCC_C_LANGUAGE_STANDARD = gnu99;
				GCC_DYNAMIC_NO_PIC = NO;
				GCC_OPTIMIZATION_LEVEL = 0;
				GCC_PREPROCESSOR_DEFINITIONS = (
					"DEBUG=1",
					"$(inherited)",
				);
				GCC_SYMBOLS_PRIVATE_EXTERN = NO;
				GCC_WARN_64_TO_32_BIT_CONVERSION = YES;
				GCC_WARN_ABOUT_RETURN_TYPE = YES_ERROR;
				GCC_WARN_UNDECLARED_SELECTOR = YES;
				GCC_WARN_UNINITIALIZED_AUTOS = YES_AGGRESSIVE;
				GCC_WARN_UNUSED_FUNCTION = YES;
				GCC_WARN_UNUSED_VARIABLE = YES;
				IPHONEOS_DEPLOYMENT_TARGET = 8.1;
				MTL_ENABLE_DEBUG_INFO = YES;
				ONLY_ACTIVE_ARCH = YES;
				SDKROOT = iphoneos;
				SWIFT_OPTIMIZATION_LEVEL = "-Onone";
				TARGETED_DEVICE_FAMILY = "1,2";
			};
			name = Debug;
		};
		028BAB011A3E202C009D3DF9 /* Release */ = {
			isa = XCBuildConfiguration;
			buildSettings = {
				ALWAYS_SEARCH_USER_PATHS = NO;
				CLANG_CXX_LANGUAGE_STANDARD = "gnu++0x";
				CLANG_CXX_LIBRARY = "libc++";
				CLANG_ENABLE_MODULES = YES;
				CLANG_ENABLE_OBJC_ARC = YES;
				CLANG_WARN_BOOL_CONVERSION = YES;
				CLANG_WARN_CONSTANT_CONVERSION = YES;
				CLANG_WARN_DIRECT_OBJC_ISA_USAGE = YES_ERROR;
				CLANG_WARN_EMPTY_BODY = YES;
				CLANG_WARN_ENUM_CONVERSION = YES;
				CLANG_WARN_INT_CONVERSION = YES;
				CLANG_WARN_OBJC_ROOT_CLASS = YES_ERROR;
				CLANG_WARN_UNREACHABLE_CODE = YES;
				CLANG_WARN__DUPLICATE_METHOD_MATCH = YES;
				"CODE_SIGN_IDENTITY[sdk=iphoneos*]" = "iPhone Developer";
				COPY_PHASE_STRIP = YES;
				ENABLE_NS_ASSERTIONS = NO;
				ENABLE_STRICT_OBJC_MSGSEND = YES;
				GCC_C_LANGUAGE_STANDARD = gnu99;
				GCC_WARN_64_TO_32_BIT_CONVERSION = YES;
				GCC_WARN_ABOUT_RETURN_TYPE = YES_ERROR;
				GCC_WARN_UNDECLARED_SELECTOR = YES;
				GCC_WARN_UNINITIALIZED_AUTOS = YES_AGGRESSIVE;
				GCC_WARN_UNUSED_FUNCTION = YES;
				GCC_WARN_UNUSED_VARIABLE = YES;
				IPHONEOS_DEPLOYMENT_TARGET = 8.1;
				MTL_ENABLE_DEBUG_INFO = NO;
				SDKROOT = iphoneos;
				TARGETED_DEVICE_FAMILY = "1,2";
				VALIDATE_PRODUCT = YES;
			};
			name = Release;
		};
		028BAB031A3E202C009D3DF9 /* Debug */ = {
			isa = XCBuildConfiguration;
			baseConfigurationReference = 63C1BF895F32B4190E92ABED /* Pods.debug.xcconfig */;
			buildSettings = {
				ASSETCATALOG_COMPILER_APPICON_NAME = AppIcon;
				CLANG_ENABLE_MODULES = YES;
				EMBEDDED_CONTENT_CONTAINS_SWIFT = YES;
				INFOPLIST_FILE = SwagSwap/Info.plist;
				LD_RUNPATH_SEARCH_PATHS = "$(inherited) @executable_path/Frameworks";
				PRODUCT_NAME = "$(TARGET_NAME)";
				SWIFT_OBJC_BRIDGING_HEADER = "SwagSwap/SwagSwap-Bridging-Header.h";
				SWIFT_OPTIMIZATION_LEVEL = "-Onone";
			};
			name = Debug;
		};
		028BAB041A3E202C009D3DF9 /* Release */ = {
			isa = XCBuildConfiguration;
			baseConfigurationReference = EEDADA343ADAAD41694118EA /* Pods.release.xcconfig */;
			buildSettings = {
				ASSETCATALOG_COMPILER_APPICON_NAME = AppIcon;
				CLANG_ENABLE_MODULES = YES;
				EMBEDDED_CONTENT_CONTAINS_SWIFT = YES;
				INFOPLIST_FILE = SwagSwap/Info.plist;
				LD_RUNPATH_SEARCH_PATHS = "$(inherited) @executable_path/Frameworks";
				PRODUCT_NAME = "$(TARGET_NAME)";
				SWIFT_OBJC_BRIDGING_HEADER = "SwagSwap/SwagSwap-Bridging-Header.h";
			};
			name = Release;
		};
		028BAB061A3E202C009D3DF9 /* Debug */ = {
			isa = XCBuildConfiguration;
			buildSettings = {
				BUNDLE_LOADER = "$(TEST_HOST)";
				FRAMEWORK_SEARCH_PATHS = (
					"$(SDKROOT)/Developer/Library/Frameworks",
					"$(inherited)",
				);
				GCC_PREPROCESSOR_DEFINITIONS = (
					"DEBUG=1",
					"$(inherited)",
				);
				INFOPLIST_FILE = SwagSwapTests/Info.plist;
				LD_RUNPATH_SEARCH_PATHS = "$(inherited) @executable_path/Frameworks @loader_path/Frameworks";
				PRODUCT_NAME = "$(TARGET_NAME)";
				TEST_HOST = "$(BUILT_PRODUCTS_DIR)/SwagSwap.app/SwagSwap";
			};
			name = Debug;
		};
		028BAB071A3E202C009D3DF9 /* Release */ = {
			isa = XCBuildConfiguration;
			buildSettings = {
				BUNDLE_LOADER = "$(TEST_HOST)";
				FRAMEWORK_SEARCH_PATHS = (
					"$(SDKROOT)/Developer/Library/Frameworks",
					"$(inherited)",
				);
				INFOPLIST_FILE = SwagSwapTests/Info.plist;
				LD_RUNPATH_SEARCH_PATHS = "$(inherited) @executable_path/Frameworks @loader_path/Frameworks";
				PRODUCT_NAME = "$(TARGET_NAME)";
				TEST_HOST = "$(BUILT_PRODUCTS_DIR)/SwagSwap.app/SwagSwap";
			};
			name = Release;
		};
/* End XCBuildConfiguration section */

/* Begin XCConfigurationList section */
		028BAADB1A3E202C009D3DF9 /* Build configuration list for PBXProject "SwagSwap" */ = {
			isa = XCConfigurationList;
			buildConfigurations = (
				028BAB001A3E202C009D3DF9 /* Debug */,
				028BAB011A3E202C009D3DF9 /* Release */,
			);
			defaultConfigurationIsVisible = 0;
			defaultConfigurationName = Release;
		};
		028BAB021A3E202C009D3DF9 /* Build configuration list for PBXNativeTarget "SwagSwap" */ = {
			isa = XCConfigurationList;
			buildConfigurations = (
				028BAB031A3E202C009D3DF9 /* Debug */,
				028BAB041A3E202C009D3DF9 /* Release */,
			);
			defaultConfigurationIsVisible = 0;
			defaultConfigurationName = Release;
		};
		028BAB051A3E202C009D3DF9 /* Build configuration list for PBXNativeTarget "SwagSwapTests" */ = {
			isa = XCConfigurationList;
			buildConfigurations = (
				028BAB061A3E202C009D3DF9 /* Debug */,
				028BAB071A3E202C009D3DF9 /* Release */,
			);
			defaultConfigurationIsVisible = 0;
			defaultConfigurationName = Release;
		};
/* End XCConfigurationList section */
	};
	rootObject = 028BAAD81A3E202C009D3DF9 /* Project object */;
}
