// !$*UTF8*$!
{
	archiveVersion = 1;
	classes = {
	};
	objectVersion = 46;
	objects = {

/* Begin PBXBuildFile section */
		022704CC1ABE5591000D47DA /* ListingViewController.swift in Sources */ = {isa = PBXBuildFile; fileRef = 022704CB1ABE5591000D47DA /* ListingViewController.swift */; };
		0237A9B21A9ED8A300221F5E /* AppDelegate.swift in Sources */ = {isa = PBXBuildFile; fileRef = 0237A9B11A9ED8A300221F5E /* AppDelegate.swift */; };
		0237A9B41A9ED8A300221F5E /* LoginViewController.swift in Sources */ = {isa = PBXBuildFile; fileRef = 0237A9B31A9ED8A300221F5E /* LoginViewController.swift */; };
		0237A9B71A9ED8A300221F5E /* Main.storyboard in Resources */ = {isa = PBXBuildFile; fileRef = 0237A9B51A9ED8A300221F5E /* Main.storyboard */; };
		0237A9B91A9ED8A300221F5E /* Images.xcassets in Resources */ = {isa = PBXBuildFile; fileRef = 0237A9B81A9ED8A300221F5E /* Images.xcassets */; };
		0237A9BC1A9ED8A300221F5E /* LaunchScreen.xib in Resources */ = {isa = PBXBuildFile; fileRef = 0237A9BA1A9ED8A300221F5E /* LaunchScreen.xib */; };
		0237A9C81A9ED8A300221F5E /* swagswapTests.swift in Sources */ = {isa = PBXBuildFile; fileRef = 0237A9C71A9ED8A300221F5E /* swagswapTests.swift */; };
		025720091ADC8CEF0049B6A1 /* SwiftyJSON.framework in Frameworks */ = {isa = PBXBuildFile; fileRef = 02F6D2E71ADC8C8A005CC81D /* SwiftyJSON.framework */; };
		0257200A1ADC8CEF0049B6A1 /* SwiftyJSON.framework in Embed Frameworks */ = {isa = PBXBuildFile; fileRef = 02F6D2E71ADC8C8A005CC81D /* SwiftyJSON.framework */; settings = {ATTRIBUTES = (CodeSignOnCopy, RemoveHeadersOnCopy, ); }; };
		02594F7E1AA2B25C001E5B7F /* CreateViewController.swift in Sources */ = {isa = PBXBuildFile; fileRef = 02594F7D1AA2B25C001E5B7F /* CreateViewController.swift */; };
		026298481ABE8FD20009734E /* Faker.swift in Sources */ = {isa = PBXBuildFile; fileRef = 026298471ABE8FD20009734E /* Faker.swift */; };
		026CF7991AA3B932009A1FE2 /* AddButton.swift in Sources */ = {isa = PBXBuildFile; fileRef = 026CF7981AA3B932009A1FE2 /* AddButton.swift */; };
		026CF79B1AA3C373009A1FE2 /* FontAwesome.otf in Resources */ = {isa = PBXBuildFile; fileRef = 026CF79A1AA3C373009A1FE2 /* FontAwesome.otf */; };
		026CF79D1AA3C381009A1FE2 /* FontAwesome.swift in Sources */ = {isa = PBXBuildFile; fileRef = 026CF79C1AA3C381009A1FE2 /* FontAwesome.swift */; };
		0276720A1AD32E1F00254607 /* Message.swift in Sources */ = {isa = PBXBuildFile; fileRef = 027672091AD32E1F00254607 /* Message.swift */; };
		027B841D1AC129460037CF3E /* ListingImageCell.swift in Sources */ = {isa = PBXBuildFile; fileRef = 027B841C1AC129460037CF3E /* ListingImageCell.swift */; };
		027B92CE1AA63DA400CB2D31 /* SearchViewController.swift in Sources */ = {isa = PBXBuildFile; fileRef = 027B92CD1AA63DA400CB2D31 /* SearchViewController.swift */; };
		027E40401A9F9E6A0072CBF4 /* SSColor.swift in Sources */ = {isa = PBXBuildFile; fileRef = 027E403F1A9F9E6A0072CBF4 /* SSColor.swift */; };
		027E40421A9FBE400072CBF4 /* SignUpViewController.swift in Sources */ = {isa = PBXBuildFile; fileRef = 027E40411A9FBE400072CBF4 /* SignUpViewController.swift */; };
		027E40451A9FC1590072CBF4 /* SSFont.swift in Sources */ = {isa = PBXBuildFile; fileRef = 027E40441A9FC1590072CBF4 /* SSFont.swift */; };
		027E40481A9FC46F0072CBF4 /* Montserrat-Bold.ttf in Resources */ = {isa = PBXBuildFile; fileRef = 027E40461A9FC46F0072CBF4 /* Montserrat-Bold.ttf */; };
		027E40491A9FC46F0072CBF4 /* Montserrat-Regular.ttf in Resources */ = {isa = PBXBuildFile; fileRef = 027E40471A9FC46F0072CBF4 /* Montserrat-Regular.ttf */; };
		027E404B1A9FC8400072CBF4 /* UIViewControllerExtension.swift in Sources */ = {isa = PBXBuildFile; fileRef = 027E404A1A9FC8400072CBF4 /* UIViewControllerExtension.swift */; };
		027E404D1A9FCA0F0072CBF4 /* DashViewController.swift in Sources */ = {isa = PBXBuildFile; fileRef = 027E404C1A9FCA0F0072CBF4 /* DashViewController.swift */; };
		02902CF81AAFDC3900338983 /* BuyViewController.swift in Sources */ = {isa = PBXBuildFile; fileRef = 02902CF71AAFDC3900338983 /* BuyViewController.swift */; };
		02902CFA1AAFDDE100338983 /* SellViewController.swift in Sources */ = {isa = PBXBuildFile; fileRef = 02902CF91AAFDDE100338983 /* SellViewController.swift */; };
		02902CFC1AAFDDF800338983 /* WatchViewController.swift in Sources */ = {isa = PBXBuildFile; fileRef = 02902CFB1AAFDDF800338983 /* WatchViewController.swift */; };
		02902CFE1AAFE0EE00338983 /* UIBarButtonItemExtension.swift in Sources */ = {isa = PBXBuildFile; fileRef = 02902CFD1AAFE0EE00338983 /* UIBarButtonItemExtension.swift */; };
		0297EFB41AD2E86D0094C8A5 /* InboxViewController.swift in Sources */ = {isa = PBXBuildFile; fileRef = 0297EFB31AD2E86D0094C8A5 /* InboxViewController.swift */; };
		029F2A3A1AA04448008D9E0B /* UIImageExtension.swift in Sources */ = {isa = PBXBuildFile; fileRef = 029F2A391AA04448008D9E0B /* UIImageExtension.swift */; };
		029F2A3C1AA0489F008D9E0B /* CoreGraphics.framework in Frameworks */ = {isa = PBXBuildFile; fileRef = 029F2A3B1AA0489F008D9E0B /* CoreGraphics.framework */; };
		029F2A491AA052C9008D9E0B /* NSData+OGImageExtensions.m in Sources */ = {isa = PBXBuildFile; fileRef = 029F2A421AA052C9008D9E0B /* NSData+OGImageExtensions.m */; };
		029F2A4A1AA052C9008D9E0B /* OGImageExtensionsPersistor.m in Sources */ = {isa = PBXBuildFile; fileRef = 029F2A461AA052C9008D9E0B /* OGImageExtensionsPersistor.m */; };
		029F2A4B1AA052C9008D9E0B /* UIImage+OGImageExtensions.m in Sources */ = {isa = PBXBuildFile; fileRef = 029F2A481AA052C9008D9E0B /* UIImage+OGImageExtensions.m */; };
		02A0E5831AA2CB3B0076449C /* ListingCell.swift in Sources */ = {isa = PBXBuildFile; fileRef = 02A0E5821AA2CB3B0076449C /* ListingCell.swift */; };
		02A0E5861AA2DBCC0076449C /* ImageCell.swift in Sources */ = {isa = PBXBuildFile; fileRef = 02A0E5851AA2DBCC0076449C /* ImageCell.swift */; };
		02AA31771AA8E9CB00C58268 /* MenuCell.swift in Sources */ = {isa = PBXBuildFile; fileRef = 02AA31761AA8E9CB00C58268 /* MenuCell.swift */; };
		02AA31791AA933CB00C58268 /* UINavigationControllerExtension.swift in Sources */ = {isa = PBXBuildFile; fileRef = 02AA31781AA933CB00C58268 /* UINavigationControllerExtension.swift */; };
		02AA317F1AA93EF900C58268 /* UINavigationBarExtension.swift in Sources */ = {isa = PBXBuildFile; fileRef = 02AA317E1AA93EF900C58268 /* UINavigationBarExtension.swift */; };
		02AADD081AD4F33200F35EF2 /* MessageToolbar.swift in Sources */ = {isa = PBXBuildFile; fileRef = 02AADD071AD4F33200F35EF2 /* MessageToolbar.swift */; };
		02B05D5F1AD3BE9E00175542 /* Array.swift in Sources */ = {isa = PBXBuildFile; fileRef = 02B05D5E1AD3BE9E00175542 /* Array.swift */; };
		02C4749A1AD45DCF00BD9C4A /* InboxCell.swift in Sources */ = {isa = PBXBuildFile; fileRef = 02C474991AD45DCF00BD9C4A /* InboxCell.swift */; };
		02C4749C1AD468BC00BD9C4A /* MessageViewController.swift in Sources */ = {isa = PBXBuildFile; fileRef = 02C4749B1AD468BC00BD9C4A /* MessageViewController.swift */; };
		02DFBCA41AAFF7B70004F4AF /* ExploreCell.swift in Sources */ = {isa = PBXBuildFile; fileRef = 02DFBCA31AAFF7B70004F4AF /* ExploreCell.swift */; };
		02DFBCA61AB0AB080004F4AF /* ExploreHeaderView.swift in Sources */ = {isa = PBXBuildFile; fileRef = 02DFBCA51AB0AB080004F4AF /* ExploreHeaderView.swift */; };
		A2D47059C298E5B3C00CEA82 /* libPods.a in Frameworks */ = {isa = PBXBuildFile; fileRef = FD01EFA2A8BF2E5A369670AC /* libPods.a */; };
/* End PBXBuildFile section */

/* Begin PBXContainerItemProxy section */
		0237A9C21A9ED8A300221F5E /* PBXContainerItemProxy */ = {
			isa = PBXContainerItemProxy;
			containerPortal = 0237A9A41A9ED8A300221F5E /* Project object */;
			proxyType = 1;
			remoteGlobalIDString = 0237A9AB1A9ED8A300221F5E;
			remoteInfo = swagswap;
		};
		0257200B1ADC8CEF0049B6A1 /* PBXContainerItemProxy */ = {
			isa = PBXContainerItemProxy;
			containerPortal = 02F6D2DF1ADC8C89005CC81D /* SwiftyJSON.xcodeproj */;
			proxyType = 1;
			remoteGlobalIDString = 2E4FEFDA19575BE100351305;
			remoteInfo = "SwiftyJSON iOS";
		};
		02F6D2E61ADC8C8A005CC81D /* PBXContainerItemProxy */ = {
			isa = PBXContainerItemProxy;
			containerPortal = 02F6D2DF1ADC8C89005CC81D /* SwiftyJSON.xcodeproj */;
			proxyType = 2;
			remoteGlobalIDString = 2E4FEFDB19575BE100351305;
			remoteInfo = "SwiftyJSON iOS";
		};
		02F6D2E81ADC8C8A005CC81D /* PBXContainerItemProxy */ = {
			isa = PBXContainerItemProxy;
			containerPortal = 02F6D2DF1ADC8C89005CC81D /* SwiftyJSON.xcodeproj */;
			proxyType = 2;
			remoteGlobalIDString = 2E4FEFE619575BE100351305;
			remoteInfo = "SwiftyJSON iOS Tests";
		};
		02F6D2EA1ADC8C8A005CC81D /* PBXContainerItemProxy */ = {
			isa = PBXContainerItemProxy;
			containerPortal = 02F6D2DF1ADC8C89005CC81D /* SwiftyJSON.xcodeproj */;
			proxyType = 2;
			remoteGlobalIDString = 9C7DFC5B1A9102BD005AA3F7;
			remoteInfo = "SwiftyJSON OSX";
		};
		02F6D2EC1ADC8C8A005CC81D /* PBXContainerItemProxy */ = {
			isa = PBXContainerItemProxy;
			containerPortal = 02F6D2DF1ADC8C89005CC81D /* SwiftyJSON.xcodeproj */;
			proxyType = 2;
			remoteGlobalIDString = 9C7DFC651A9102BD005AA3F7;
			remoteInfo = "SwiftyJSON OSX Tests";
		};
/* End PBXContainerItemProxy section */

/* Begin PBXCopyFilesBuildPhase section */
		0276721D1AD3350500254607 /* Embed Frameworks */ = {
			isa = PBXCopyFilesBuildPhase;
			buildActionMask = 2147483647;
			dstPath = "";
			dstSubfolderSpec = 10;
			files = (
				0257200A1ADC8CEF0049B6A1 /* SwiftyJSON.framework in Embed Frameworks */,
			);
			name = "Embed Frameworks";
			runOnlyForDeploymentPostprocessing = 0;
		};
/* End PBXCopyFilesBuildPhase section */

/* Begin PBXFileReference section */
		020A1FB81A9EE42A00D7D02E /* swagswap-Bridging-Header.h */ = {isa = PBXFileReference; lastKnownFileType = sourcecode.c.h; path = "swagswap-Bridging-Header.h"; sourceTree = "<group>"; };
		022704CB1ABE5591000D47DA /* ListingViewController.swift */ = {isa = PBXFileReference; fileEncoding = 4; lastKnownFileType = sourcecode.swift; path = ListingViewController.swift; sourceTree = "<group>"; };
		0237A9AC1A9ED8A300221F5E /* swagswap.app */ = {isa = PBXFileReference; explicitFileType = wrapper.application; includeInIndex = 0; path = swagswap.app; sourceTree = BUILT_PRODUCTS_DIR; };
		0237A9B01A9ED8A300221F5E /* Info.plist */ = {isa = PBXFileReference; lastKnownFileType = text.plist.xml; path = Info.plist; sourceTree = "<group>"; };
		0237A9B11A9ED8A300221F5E /* AppDelegate.swift */ = {isa = PBXFileReference; lastKnownFileType = sourcecode.swift; path = AppDelegate.swift; sourceTree = "<group>"; };
		0237A9B31A9ED8A300221F5E /* LoginViewController.swift */ = {isa = PBXFileReference; lastKnownFileType = sourcecode.swift; path = LoginViewController.swift; sourceTree = "<group>"; };
		0237A9B61A9ED8A300221F5E /* Base */ = {isa = PBXFileReference; lastKnownFileType = file.storyboard; name = Base; path = Base.lproj/Main.storyboard; sourceTree = "<group>"; };
		0237A9B81A9ED8A300221F5E /* Images.xcassets */ = {isa = PBXFileReference; lastKnownFileType = folder.assetcatalog; path = Images.xcassets; sourceTree = "<group>"; };
		0237A9BB1A9ED8A300221F5E /* Base */ = {isa = PBXFileReference; lastKnownFileType = file.xib; name = Base; path = Base.lproj/LaunchScreen.xib; sourceTree = "<group>"; };
		0237A9C11A9ED8A300221F5E /* swagswapTests.xctest */ = {isa = PBXFileReference; explicitFileType = wrapper.cfbundle; includeInIndex = 0; path = swagswapTests.xctest; sourceTree = BUILT_PRODUCTS_DIR; };
		0237A9C61A9ED8A300221F5E /* Info.plist */ = {isa = PBXFileReference; lastKnownFileType = text.plist.xml; path = Info.plist; sourceTree = "<group>"; };
		0237A9C71A9ED8A300221F5E /* swagswapTests.swift */ = {isa = PBXFileReference; lastKnownFileType = sourcecode.swift; path = swagswapTests.swift; sourceTree = "<group>"; };
		02594F7D1AA2B25C001E5B7F /* CreateViewController.swift */ = {isa = PBXFileReference; fileEncoding = 4; lastKnownFileType = sourcecode.swift; path = CreateViewController.swift; sourceTree = "<group>"; };
		026298471ABE8FD20009734E /* Faker.swift */ = {isa = PBXFileReference; fileEncoding = 4; lastKnownFileType = sourcecode.swift; path = Faker.swift; sourceTree = "<group>"; };
		026CF7981AA3B932009A1FE2 /* AddButton.swift */ = {isa = PBXFileReference; fileEncoding = 4; lastKnownFileType = sourcecode.swift; path = AddButton.swift; sourceTree = "<group>"; };
		026CF79A1AA3C373009A1FE2 /* FontAwesome.otf */ = {isa = PBXFileReference; lastKnownFileType = file; path = FontAwesome.otf; sourceTree = "<group>"; };
		026CF79C1AA3C381009A1FE2 /* FontAwesome.swift */ = {isa = PBXFileReference; fileEncoding = 4; lastKnownFileType = sourcecode.swift; path = FontAwesome.swift; sourceTree = "<group>"; };
		027672091AD32E1F00254607 /* Message.swift */ = {isa = PBXFileReference; fileEncoding = 4; lastKnownFileType = sourcecode.swift; path = Message.swift; sourceTree = "<group>"; };
		027B841C1AC129460037CF3E /* ListingImageCell.swift */ = {isa = PBXFileReference; fileEncoding = 4; lastKnownFileType = sourcecode.swift; path = ListingImageCell.swift; sourceTree = "<group>"; };
		027B92CD1AA63DA400CB2D31 /* SearchViewController.swift */ = {isa = PBXFileReference; fileEncoding = 4; lastKnownFileType = sourcecode.swift; path = SearchViewController.swift; sourceTree = "<group>"; };
		027E403F1A9F9E6A0072CBF4 /* SSColor.swift */ = {isa = PBXFileReference; fileEncoding = 4; lastKnownFileType = sourcecode.swift; path = SSColor.swift; sourceTree = "<group>"; };
		027E40411A9FBE400072CBF4 /* SignUpViewController.swift */ = {isa = PBXFileReference; fileEncoding = 4; lastKnownFileType = sourcecode.swift; path = SignUpViewController.swift; sourceTree = "<group>"; };
		027E40441A9FC1590072CBF4 /* SSFont.swift */ = {isa = PBXFileReference; fileEncoding = 4; lastKnownFileType = sourcecode.swift; path = SSFont.swift; sourceTree = "<group>"; };
		027E40461A9FC46F0072CBF4 /* Montserrat-Bold.ttf */ = {isa = PBXFileReference; lastKnownFileType = file; path = "Montserrat-Bold.ttf"; sourceTree = "<group>"; };
		027E40471A9FC46F0072CBF4 /* Montserrat-Regular.ttf */ = {isa = PBXFileReference; lastKnownFileType = file; path = "Montserrat-Regular.ttf"; sourceTree = "<group>"; };
		027E404A1A9FC8400072CBF4 /* UIViewControllerExtension.swift */ = {isa = PBXFileReference; fileEncoding = 4; lastKnownFileType = sourcecode.swift; path = UIViewControllerExtension.swift; sourceTree = "<group>"; };
		027E404C1A9FCA0F0072CBF4 /* DashViewController.swift */ = {isa = PBXFileReference; fileEncoding = 4; lastKnownFileType = sourcecode.swift; path = DashViewController.swift; sourceTree = "<group>"; };
		02902CF71AAFDC3900338983 /* BuyViewController.swift */ = {isa = PBXFileReference; fileEncoding = 4; lastKnownFileType = sourcecode.swift; path = BuyViewController.swift; sourceTree = "<group>"; };
		02902CF91AAFDDE100338983 /* SellViewController.swift */ = {isa = PBXFileReference; fileEncoding = 4; lastKnownFileType = sourcecode.swift; path = SellViewController.swift; sourceTree = "<group>"; };
		02902CFB1AAFDDF800338983 /* WatchViewController.swift */ = {isa = PBXFileReference; fileEncoding = 4; lastKnownFileType = sourcecode.swift; path = WatchViewController.swift; sourceTree = "<group>"; };
		02902CFD1AAFE0EE00338983 /* UIBarButtonItemExtension.swift */ = {isa = PBXFileReference; fileEncoding = 4; lastKnownFileType = sourcecode.swift; path = UIBarButtonItemExtension.swift; sourceTree = "<group>"; };
		0297EFB31AD2E86D0094C8A5 /* InboxViewController.swift */ = {isa = PBXFileReference; fileEncoding = 4; lastKnownFileType = sourcecode.swift; path = InboxViewController.swift; sourceTree = "<group>"; };
		029F2A391AA04448008D9E0B /* UIImageExtension.swift */ = {isa = PBXFileReference; fileEncoding = 4; lastKnownFileType = sourcecode.swift; path = UIImageExtension.swift; sourceTree = "<group>"; };
		029F2A3B1AA0489F008D9E0B /* CoreGraphics.framework */ = {isa = PBXFileReference; lastKnownFileType = wrapper.framework; name = CoreGraphics.framework; path = System/Library/Frameworks/CoreGraphics.framework; sourceTree = SDKROOT; };
		029F2A411AA052C9008D9E0B /* NSData+OGImageExtensions.h */ = {isa = PBXFileReference; fileEncoding = 4; lastKnownFileType = sourcecode.c.h; path = "NSData+OGImageExtensions.h"; sourceTree = "<group>"; };
		029F2A421AA052C9008D9E0B /* NSData+OGImageExtensions.m */ = {isa = PBXFileReference; fileEncoding = 4; lastKnownFileType = sourcecode.c.objc; path = "NSData+OGImageExtensions.m"; sourceTree = "<group>"; };
		029F2A431AA052C9008D9E0B /* OGImageExtensions.h */ = {isa = PBXFileReference; fileEncoding = 4; lastKnownFileType = sourcecode.c.h; path = OGImageExtensions.h; sourceTree = "<group>"; };
		029F2A441AA052C9008D9E0B /* OGImageExtensionsCommon.h */ = {isa = PBXFileReference; fileEncoding = 4; lastKnownFileType = sourcecode.c.h; path = OGImageExtensionsCommon.h; sourceTree = "<group>"; };
		029F2A451AA052C9008D9E0B /* OGImageExtensionsPersistor.h */ = {isa = PBXFileReference; fileEncoding = 4; lastKnownFileType = sourcecode.c.h; path = OGImageExtensionsPersistor.h; sourceTree = "<group>"; };
		029F2A461AA052C9008D9E0B /* OGImageExtensionsPersistor.m */ = {isa = PBXFileReference; fileEncoding = 4; lastKnownFileType = sourcecode.c.objc; path = OGImageExtensionsPersistor.m; sourceTree = "<group>"; };
		029F2A471AA052C9008D9E0B /* UIImage+OGImageExtensions.h */ = {isa = PBXFileReference; fileEncoding = 4; lastKnownFileType = sourcecode.c.h; path = "UIImage+OGImageExtensions.h"; sourceTree = "<group>"; };
		029F2A481AA052C9008D9E0B /* UIImage+OGImageExtensions.m */ = {isa = PBXFileReference; fileEncoding = 4; lastKnownFileType = sourcecode.c.objc; path = "UIImage+OGImageExtensions.m"; sourceTree = "<group>"; };
		02A0E5821AA2CB3B0076449C /* ListingCell.swift */ = {isa = PBXFileReference; fileEncoding = 4; lastKnownFileType = sourcecode.swift; path = ListingCell.swift; sourceTree = "<group>"; };
		02A0E5851AA2DBCC0076449C /* ImageCell.swift */ = {isa = PBXFileReference; fileEncoding = 4; lastKnownFileType = sourcecode.swift; path = ImageCell.swift; sourceTree = "<group>"; };
		02AA31761AA8E9CB00C58268 /* MenuCell.swift */ = {isa = PBXFileReference; fileEncoding = 4; lastKnownFileType = sourcecode.swift; path = MenuCell.swift; sourceTree = "<group>"; };
		02AA31781AA933CB00C58268 /* UINavigationControllerExtension.swift */ = {isa = PBXFileReference; fileEncoding = 4; lastKnownFileType = sourcecode.swift; path = UINavigationControllerExtension.swift; sourceTree = "<group>"; };
		02AA317E1AA93EF900C58268 /* UINavigationBarExtension.swift */ = {isa = PBXFileReference; fileEncoding = 4; lastKnownFileType = sourcecode.swift; path = UINavigationBarExtension.swift; sourceTree = "<group>"; };
		02AADD071AD4F33200F35EF2 /* MessageToolbar.swift */ = {isa = PBXFileReference; fileEncoding = 4; lastKnownFileType = sourcecode.swift; path = MessageToolbar.swift; sourceTree = "<group>"; };
		02B05D5E1AD3BE9E00175542 /* Array.swift */ = {isa = PBXFileReference; fileEncoding = 4; lastKnownFileType = sourcecode.swift; path = Array.swift; sourceTree = "<group>"; };
		02C474991AD45DCF00BD9C4A /* InboxCell.swift */ = {isa = PBXFileReference; fileEncoding = 4; lastKnownFileType = sourcecode.swift; path = InboxCell.swift; sourceTree = "<group>"; };
		02C4749B1AD468BC00BD9C4A /* MessageViewController.swift */ = {isa = PBXFileReference; fileEncoding = 4; lastKnownFileType = sourcecode.swift; path = MessageViewController.swift; sourceTree = "<group>"; };
		02DFBCA31AAFF7B70004F4AF /* ExploreCell.swift */ = {isa = PBXFileReference; fileEncoding = 4; lastKnownFileType = sourcecode.swift; path = ExploreCell.swift; sourceTree = "<group>"; };
		02DFBCA51AB0AB080004F4AF /* ExploreHeaderView.swift */ = {isa = PBXFileReference; fileEncoding = 4; lastKnownFileType = sourcecode.swift; path = ExploreHeaderView.swift; sourceTree = "<group>"; };
		02F6D2DF1ADC8C89005CC81D /* SwiftyJSON.xcodeproj */ = {isa = PBXFileReference; lastKnownFileType = "wrapper.pb-project"; name = SwiftyJSON.xcodeproj; path = SwiftyJSON/SwiftyJSON.xcodeproj; sourceTree = "<group>"; };
		056A6FA3F63DC68AF3D191C8 /* Pods.release.xcconfig */ = {isa = PBXFileReference; includeInIndex = 1; lastKnownFileType = text.xcconfig; name = Pods.release.xcconfig; path = "Pods/Target Support Files/Pods/Pods.release.xcconfig"; sourceTree = "<group>"; };
		A19A7960EC1DCC71A34BD2E3 /* Pods.debug.xcconfig */ = {isa = PBXFileReference; includeInIndex = 1; lastKnownFileType = text.xcconfig; name = Pods.debug.xcconfig; path = "Pods/Target Support Files/Pods/Pods.debug.xcconfig"; sourceTree = "<group>"; };
		FD01EFA2A8BF2E5A369670AC /* libPods.a */ = {isa = PBXFileReference; explicitFileType = archive.ar; includeInIndex = 0; path = libPods.a; sourceTree = BUILT_PRODUCTS_DIR; };
/* End PBXFileReference section */

/* Begin PBXFrameworksBuildPhase section */
		0237A9A91A9ED8A300221F5E /* Frameworks */ = {
			isa = PBXFrameworksBuildPhase;
			buildActionMask = 2147483647;
			files = (
				029F2A3C1AA0489F008D9E0B /* CoreGraphics.framework in Frameworks */,
				A2D47059C298E5B3C00CEA82 /* libPods.a in Frameworks */,
				025720091ADC8CEF0049B6A1 /* SwiftyJSON.framework in Frameworks */,
			);
			runOnlyForDeploymentPostprocessing = 0;
		};
		0237A9BE1A9ED8A300221F5E /* Frameworks */ = {
			isa = PBXFrameworksBuildPhase;
			buildActionMask = 2147483647;
			files = (
			);
			runOnlyForDeploymentPostprocessing = 0;
		};
/* End PBXFrameworksBuildPhase section */

/* Begin PBXGroup section */
		0237A9A31A9ED8A300221F5E = {
			isa = PBXGroup;
			children = (
				02F6D2DF1ADC8C89005CC81D /* SwiftyJSON.xcodeproj */,
				0237A9AE1A9ED8A300221F5E /* swagswap */,
				0237A9C41A9ED8A300221F5E /* swagswapTests */,
				0237A9AD1A9ED8A300221F5E /* Products */,
				0528679D823D681DD59A22AD /* Frameworks */,
				C8342C9BE84913569669D0FE /* Pods */,
			);
			sourceTree = "<group>";
		};
		0237A9AD1A9ED8A300221F5E /* Products */ = {
			isa = PBXGroup;
			children = (
				0237A9AC1A9ED8A300221F5E /* swagswap.app */,
				0237A9C11A9ED8A300221F5E /* swagswapTests.xctest */,
			);
			name = Products;
			sourceTree = "<group>";
		};
		0237A9AE1A9ED8A300221F5E /* swagswap */ = {
			isa = PBXGroup;
			children = (
				0237A9B51A9ED8A300221F5E /* Main.storyboard */,
				0237A9B11A9ED8A300221F5E /* AppDelegate.swift */,
				0276720B1AD32E2200254607 /* Models */,
				02A0E5841AA2CBAE0076449C /* Views */,
				02AADD061AD49C7F00F35EF2 /* Controllers */,
				02B05D601AD3BEA200175542 /* Extensions */,
				027E40431A9FBECF0072CBF4 /* Style */,
				0237A9AF1A9ED8A300221F5E /* Supporting Files */,
			);
			path = swagswap;
			sourceTree = "<group>";
		};
		0237A9AF1A9ED8A300221F5E /* Supporting Files */ = {
			isa = PBXGroup;
			children = (
				026298471ABE8FD20009734E /* Faker.swift */,
				026CF79C1AA3C381009A1FE2 /* FontAwesome.swift */,
				029F2A401AA052C9008D9E0B /* OGImageExtensions */,
				0237A9BA1A9ED8A300221F5E /* LaunchScreen.xib */,
				0237A9B81A9ED8A300221F5E /* Images.xcassets */,
				027E404E1A9FCB0E0072CBF4 /* Font */,
				0237A9B01A9ED8A300221F5E /* Info.plist */,
				020A1FB81A9EE42A00D7D02E /* swagswap-Bridging-Header.h */,
			);
			name = "Supporting Files";
			sourceTree = "<group>";
		};
		0237A9C41A9ED8A300221F5E /* swagswapTests */ = {
			isa = PBXGroup;
			children = (
				0237A9C71A9ED8A300221F5E /* swagswapTests.swift */,
				0237A9C51A9ED8A300221F5E /* Supporting Files */,
			);
			path = swagswapTests;
			sourceTree = "<group>";
		};
		0237A9C51A9ED8A300221F5E /* Supporting Files */ = {
			isa = PBXGroup;
			children = (
				0237A9C61A9ED8A300221F5E /* Info.plist */,
			);
			name = "Supporting Files";
			sourceTree = "<group>";
		};
		0276720B1AD32E2200254607 /* Models */ = {
			isa = PBXGroup;
			children = (
				027672091AD32E1F00254607 /* Message.swift */,
			);
			name = Models;
			sourceTree = "<group>";
		};
		027E40431A9FBECF0072CBF4 /* Style */ = {
			isa = PBXGroup;
			children = (
				027E403F1A9F9E6A0072CBF4 /* SSColor.swift */,
				027E40441A9FC1590072CBF4 /* SSFont.swift */,
			);
			name = Style;
			sourceTree = "<group>";
		};
		027E404E1A9FCB0E0072CBF4 /* Font */ = {
			isa = PBXGroup;
			children = (
				026CF79A1AA3C373009A1FE2 /* FontAwesome.otf */,
				027E40461A9FC46F0072CBF4 /* Montserrat-Bold.ttf */,
				027E40471A9FC46F0072CBF4 /* Montserrat-Regular.ttf */,
			);
			name = Font;
			sourceTree = "<group>";
		};
		029F2A401AA052C9008D9E0B /* OGImageExtensions */ = {
			isa = PBXGroup;
			children = (
				029F2A411AA052C9008D9E0B /* NSData+OGImageExtensions.h */,
				029F2A421AA052C9008D9E0B /* NSData+OGImageExtensions.m */,
				029F2A431AA052C9008D9E0B /* OGImageExtensions.h */,
				029F2A441AA052C9008D9E0B /* OGImageExtensionsCommon.h */,
				029F2A451AA052C9008D9E0B /* OGImageExtensionsPersistor.h */,
				029F2A461AA052C9008D9E0B /* OGImageExtensionsPersistor.m */,
				029F2A471AA052C9008D9E0B /* UIImage+OGImageExtensions.h */,
				029F2A481AA052C9008D9E0B /* UIImage+OGImageExtensions.m */,
			);
			path = OGImageExtensions;
			sourceTree = "<group>";
		};
		02A0E5841AA2CBAE0076449C /* Views */ = {
			isa = PBXGroup;
			children = (
				02AA31761AA8E9CB00C58268 /* MenuCell.swift */,
				02DFBCA51AB0AB080004F4AF /* ExploreHeaderView.swift */,
				02DFBCA31AAFF7B70004F4AF /* ExploreCell.swift */,
				02A0E5821AA2CB3B0076449C /* ListingCell.swift */,
				02A0E5851AA2DBCC0076449C /* ImageCell.swift */,
				027B841C1AC129460037CF3E /* ListingImageCell.swift */,
				026CF7981AA3B932009A1FE2 /* AddButton.swift */,
				02C474991AD45DCF00BD9C4A /* InboxCell.swift */,
				02AADD071AD4F33200F35EF2 /* MessageToolbar.swift */,
			);
			name = Views;
			sourceTree = "<group>";
		};
		02AADD061AD49C7F00F35EF2 /* Controllers */ = {
			isa = PBXGroup;
			children = (
				0237A9B31A9ED8A300221F5E /* LoginViewController.swift */,
				027E40411A9FBE400072CBF4 /* SignUpViewController.swift */,
				027E404C1A9FCA0F0072CBF4 /* DashViewController.swift */,
				027B92CD1AA63DA400CB2D31 /* SearchViewController.swift */,
				02902CF71AAFDC3900338983 /* BuyViewController.swift */,
				02902CF91AAFDDE100338983 /* SellViewController.swift */,
				02902CFB1AAFDDF800338983 /* WatchViewController.swift */,
				0297EFB31AD2E86D0094C8A5 /* InboxViewController.swift */,
				02C4749B1AD468BC00BD9C4A /* MessageViewController.swift */,
				02594F7D1AA2B25C001E5B7F /* CreateViewController.swift */,
				022704CB1ABE5591000D47DA /* ListingViewController.swift */,
			);
			name = Controllers;
			sourceTree = "<group>";
		};
		02B05D601AD3BEA200175542 /* Extensions */ = {
			isa = PBXGroup;
			children = (
				02AA317E1AA93EF900C58268 /* UINavigationBarExtension.swift */,
				027E404A1A9FC8400072CBF4 /* UIViewControllerExtension.swift */,
				02AA31781AA933CB00C58268 /* UINavigationControllerExtension.swift */,
				02902CFD1AAFE0EE00338983 /* UIBarButtonItemExtension.swift */,
				029F2A391AA04448008D9E0B /* UIImageExtension.swift */,
				02B05D5E1AD3BE9E00175542 /* Array.swift */,
			);
			name = Extensions;
			sourceTree = "<group>";
		};
		02F6D2E01ADC8C89005CC81D /* Products */ = {
			isa = PBXGroup;
			children = (
				02F6D2E71ADC8C8A005CC81D /* SwiftyJSON.framework */,
				02F6D2E91ADC8C8A005CC81D /* SwiftyJSON iOS Tests.xctest */,
				02F6D2EB1ADC8C8A005CC81D /* SwiftyJSON.framework */,
				02F6D2ED1ADC8C8A005CC81D /* SwiftyJSON OSX Tests.xctest */,
			);
			name = Products;
			sourceTree = "<group>";
		};
		0528679D823D681DD59A22AD /* Frameworks */ = {
			isa = PBXGroup;
			children = (
				029F2A3B1AA0489F008D9E0B /* CoreGraphics.framework */,
				FD01EFA2A8BF2E5A369670AC /* libPods.a */,
			);
			name = Frameworks;
			sourceTree = "<group>";
		};
		C8342C9BE84913569669D0FE /* Pods */ = {
			isa = PBXGroup;
			children = (
				A19A7960EC1DCC71A34BD2E3 /* Pods.debug.xcconfig */,
				056A6FA3F63DC68AF3D191C8 /* Pods.release.xcconfig */,
			);
			name = Pods;
			sourceTree = "<group>";
		};
/* End PBXGroup section */

/* Begin PBXNativeTarget section */
		0237A9AB1A9ED8A300221F5E /* swagswap */ = {
			isa = PBXNativeTarget;
			buildConfigurationList = 0237A9CB1A9ED8A300221F5E /* Build configuration list for PBXNativeTarget "swagswap" */;
			buildPhases = (
				8FCA07E8CC12CF9D2B066010 /* Check Pods Manifest.lock */,
				0237A9A81A9ED8A300221F5E /* Sources */,
				0237A9A91A9ED8A300221F5E /* Frameworks */,
				0237A9AA1A9ED8A300221F5E /* Resources */,
				0276721D1AD3350500254607 /* Embed Frameworks */,
				8FB2A373401604B44C0816B5 /* Copy Pods Resources */,
			);
			buildRules = (
			);
			dependencies = (
				0257200C1ADC8CEF0049B6A1 /* PBXTargetDependency */,
			);
			name = swagswap;
			productName = swagswap;
			productReference = 0237A9AC1A9ED8A300221F5E /* swagswap.app */;
			productType = "com.apple.product-type.application";
		};
		0237A9C01A9ED8A300221F5E /* swagswapTests */ = {
			isa = PBXNativeTarget;
			buildConfigurationList = 0237A9CE1A9ED8A300221F5E /* Build configuration list for PBXNativeTarget "swagswapTests" */;
			buildPhases = (
				0237A9BD1A9ED8A300221F5E /* Sources */,
				0237A9BE1A9ED8A300221F5E /* Frameworks */,
				0237A9BF1A9ED8A300221F5E /* Resources */,
			);
			buildRules = (
			);
			dependencies = (
				0237A9C31A9ED8A300221F5E /* PBXTargetDependency */,
			);
			name = swagswapTests;
			productName = swagswapTests;
			productReference = 0237A9C11A9ED8A300221F5E /* swagswapTests.xctest */;
			productType = "com.apple.product-type.bundle.unit-test";
		};
/* End PBXNativeTarget section */

/* Begin PBXProject section */
		0237A9A41A9ED8A300221F5E /* Project object */ = {
			isa = PBXProject;
			attributes = {
				LastUpgradeCheck = 0610;
				ORGANIZATIONNAME = "Logan Isitt";
				TargetAttributes = {
					0237A9AB1A9ED8A300221F5E = {
						CreatedOnToolsVersion = 6.1.1;
						DevelopmentTeam = S39ED6M3WP;
					};
					0237A9C01A9ED8A300221F5E = {
						CreatedOnToolsVersion = 6.1.1;
						TestTargetID = 0237A9AB1A9ED8A300221F5E;
					};
				};
			};
			buildConfigurationList = 0237A9A71A9ED8A300221F5E /* Build configuration list for PBXProject "swagswap" */;
			compatibilityVersion = "Xcode 3.2";
			developmentRegion = English;
			hasScannedForEncodings = 0;
			knownRegions = (
				en,
				Base,
			);
			mainGroup = 0237A9A31A9ED8A300221F5E;
			productRefGroup = 0237A9AD1A9ED8A300221F5E /* Products */;
			projectDirPath = "";
			projectReferences = (
				{
					ProductGroup = 02F6D2E01ADC8C89005CC81D /* Products */;
					ProjectRef = 02F6D2DF1ADC8C89005CC81D /* SwiftyJSON.xcodeproj */;
				},
			);
			projectRoot = "";
			targets = (
				0237A9AB1A9ED8A300221F5E /* swagswap */,
				0237A9C01A9ED8A300221F5E /* swagswapTests */,
			);
		};
/* End PBXProject section */

/* Begin PBXReferenceProxy section */
		02F6D2E71ADC8C8A005CC81D /* SwiftyJSON.framework */ = {
			isa = PBXReferenceProxy;
			fileType = wrapper.framework;
			path = SwiftyJSON.framework;
			remoteRef = 02F6D2E61ADC8C8A005CC81D /* PBXContainerItemProxy */;
			sourceTree = BUILT_PRODUCTS_DIR;
		};
		02F6D2E91ADC8C8A005CC81D /* SwiftyJSON iOS Tests.xctest */ = {
			isa = PBXReferenceProxy;
			fileType = wrapper.cfbundle;
			path = "SwiftyJSON iOS Tests.xctest";
			remoteRef = 02F6D2E81ADC8C8A005CC81D /* PBXContainerItemProxy */;
			sourceTree = BUILT_PRODUCTS_DIR;
		};
		02F6D2EB1ADC8C8A005CC81D /* SwiftyJSON.framework */ = {
			isa = PBXReferenceProxy;
			fileType = wrapper.framework;
			path = SwiftyJSON.framework;
			remoteRef = 02F6D2EA1ADC8C8A005CC81D /* PBXContainerItemProxy */;
			sourceTree = BUILT_PRODUCTS_DIR;
		};
		02F6D2ED1ADC8C8A005CC81D /* SwiftyJSON OSX Tests.xctest */ = {
			isa = PBXReferenceProxy;
			fileType = wrapper.cfbundle;
			path = "SwiftyJSON OSX Tests.xctest";
			remoteRef = 02F6D2EC1ADC8C8A005CC81D /* PBXContainerItemProxy */;
			sourceTree = BUILT_PRODUCTS_DIR;
		};
/* End PBXReferenceProxy section */

/* Begin PBXResourcesBuildPhase section */
		0237A9AA1A9ED8A300221F5E /* Resources */ = {
			isa = PBXResourcesBuildPhase;
			buildActionMask = 2147483647;
			files = (
				027E40481A9FC46F0072CBF4 /* Montserrat-Bold.ttf in Resources */,
				0237A9B71A9ED8A300221F5E /* Main.storyboard in Resources */,
				026CF79B1AA3C373009A1FE2 /* FontAwesome.otf in Resources */,
				0237A9BC1A9ED8A300221F5E /* LaunchScreen.xib in Resources */,
				027E40491A9FC46F0072CBF4 /* Montserrat-Regular.ttf in Resources */,
				0237A9B91A9ED8A300221F5E /* Images.xcassets in Resources */,
			);
			runOnlyForDeploymentPostprocessing = 0;
		};
		0237A9BF1A9ED8A300221F5E /* Resources */ = {
			isa = PBXResourcesBuildPhase;
			buildActionMask = 2147483647;
			files = (
			);
			runOnlyForDeploymentPostprocessing = 0;
		};
/* End PBXResourcesBuildPhase section */

/* Begin PBXShellScriptBuildPhase section */
		8FB2A373401604B44C0816B5 /* Copy Pods Resources */ = {
			isa = PBXShellScriptBuildPhase;
			buildActionMask = 2147483647;
			files = (
			);
			inputPaths = (
			);
			name = "Copy Pods Resources";
			outputPaths = (
			);
			runOnlyForDeploymentPostprocessing = 0;
			shellPath = /bin/sh;
			shellScript = "\"${SRCROOT}/Pods/Target Support Files/Pods/Pods-resources.sh\"\n";
			showEnvVarsInLog = 0;
		};
		8FCA07E8CC12CF9D2B066010 /* Check Pods Manifest.lock */ = {
			isa = PBXShellScriptBuildPhase;
			buildActionMask = 2147483647;
			files = (
			);
			inputPaths = (
			);
			name = "Check Pods Manifest.lock";
			outputPaths = (
			);
			runOnlyForDeploymentPostprocessing = 0;
			shellPath = /bin/sh;
			shellScript = "diff \"${PODS_ROOT}/../Podfile.lock\" \"${PODS_ROOT}/Manifest.lock\" > /dev/null\nif [[ $? != 0 ]] ; then\n    cat << EOM\nerror: The sandbox is not in sync with the Podfile.lock. Run 'pod install' or update your CocoaPods installation.\nEOM\n    exit 1\nfi\n";
			showEnvVarsInLog = 0;
		};
/* End PBXShellScriptBuildPhase section */

/* Begin PBXSourcesBuildPhase section */
		0237A9A81A9ED8A300221F5E /* Sources */ = {
			isa = PBXSourcesBuildPhase;
			buildActionMask = 2147483647;
			files = (
				027E40401A9F9E6A0072CBF4 /* SSColor.swift in Sources */,
				02DFBCA41AAFF7B70004F4AF /* ExploreCell.swift in Sources */,
				02902CF81AAFDC3900338983 /* BuyViewController.swift in Sources */,
				02B05D5F1AD3BE9E00175542 /* Array.swift in Sources */,
				02C4749A1AD45DCF00BD9C4A /* InboxCell.swift in Sources */,
				022704CC1ABE5591000D47DA /* ListingViewController.swift in Sources */,
				0297EFB41AD2E86D0094C8A5 /* InboxViewController.swift in Sources */,
				026CF7991AA3B932009A1FE2 /* AddButton.swift in Sources */,
				029F2A4A1AA052C9008D9E0B /* OGImageExtensionsPersistor.m in Sources */,
				0237A9B41A9ED8A300221F5E /* LoginViewController.swift in Sources */,
				027E404D1A9FCA0F0072CBF4 /* DashViewController.swift in Sources */,
				02AA31791AA933CB00C58268 /* UINavigationControllerExtension.swift in Sources */,
				02594F7E1AA2B25C001E5B7F /* CreateViewController.swift in Sources */,
				027E404B1A9FC8400072CBF4 /* UIViewControllerExtension.swift in Sources */,
				0276720A1AD32E1F00254607 /* Message.swift in Sources */,
				02A0E5831AA2CB3B0076449C /* ListingCell.swift in Sources */,
				027E40421A9FBE400072CBF4 /* SignUpViewController.swift in Sources */,
				029F2A491AA052C9008D9E0B /* NSData+OGImageExtensions.m in Sources */,
				02902CFC1AAFDDF800338983 /* WatchViewController.swift in Sources */,
				02A0E5861AA2DBCC0076449C /* ImageCell.swift in Sources */,
				02902CFA1AAFDDE100338983 /* SellViewController.swift in Sources */,
				02AA31771AA8E9CB00C58268 /* MenuCell.swift in Sources */,
				02AADD081AD4F33200F35EF2 /* MessageToolbar.swift in Sources */,
				0237A9B21A9ED8A300221F5E /* AppDelegate.swift in Sources */,
				02AA317F1AA93EF900C58268 /* UINavigationBarExtension.swift in Sources */,
				02902CFE1AAFE0EE00338983 /* UIBarButtonItemExtension.swift in Sources */,
				027B92CE1AA63DA400CB2D31 /* SearchViewController.swift in Sources */,
				027E40451A9FC1590072CBF4 /* SSFont.swift in Sources */,
				026CF79D1AA3C381009A1FE2 /* FontAwesome.swift in Sources */,
				027B841D1AC129460037CF3E /* ListingImageCell.swift in Sources */,
				026298481ABE8FD20009734E /* Faker.swift in Sources */,
				02DFBCA61AB0AB080004F4AF /* ExploreHeaderView.swift in Sources */,
				029F2A4B1AA052C9008D9E0B /* UIImage+OGImageExtensions.m in Sources */,
				029F2A3A1AA04448008D9E0B /* UIImageExtension.swift in Sources */,
				02C4749C1AD468BC00BD9C4A /* MessageViewController.swift in Sources */,
			);
			runOnlyForDeploymentPostprocessing = 0;
		};
		0237A9BD1A9ED8A300221F5E /* Sources */ = {
			isa = PBXSourcesBuildPhase;
			buildActionMask = 2147483647;
			files = (
				0237A9C81A9ED8A300221F5E /* swagswapTests.swift in Sources */,
			);
			runOnlyForDeploymentPostprocessing = 0;
		};
/* End PBXSourcesBuildPhase section */

/* Begin PBXTargetDependency section */
		0237A9C31A9ED8A300221F5E /* PBXTargetDependency */ = {
			isa = PBXTargetDependency;
			target = 0237A9AB1A9ED8A300221F5E /* swagswap */;
			targetProxy = 0237A9C21A9ED8A300221F5E /* PBXContainerItemProxy */;
		};
		0257200C1ADC8CEF0049B6A1 /* PBXTargetDependency */ = {
			isa = PBXTargetDependency;
			name = "SwiftyJSON iOS";
			targetProxy = 0257200B1ADC8CEF0049B6A1 /* PBXContainerItemProxy */;
		};
/* End PBXTargetDependency section */

/* Begin PBXVariantGroup section */
		0237A9B51A9ED8A300221F5E /* Main.storyboard */ = {
			isa = PBXVariantGroup;
			children = (
				0237A9B61A9ED8A300221F5E /* Base */,
			);
			name = Main.storyboard;
			sourceTree = "<group>";
		};
		0237A9BA1A9ED8A300221F5E /* LaunchScreen.xib */ = {
			isa = PBXVariantGroup;
			children = (
				0237A9BB1A9ED8A300221F5E /* Base */,
			);
			name = LaunchScreen.xib;
			sourceTree = "<group>";
		};
/* End PBXVariantGroup section */

/* Begin XCBuildConfiguration section */
		0237A9C91A9ED8A300221F5E /* Debug */ = {
			isa = XCBuildConfiguration;
			buildSettings = {
				ALWAYS_SEARCH_USER_PATHS = NO;
				CLANG_CXX_LANGUAGE_STANDARD = "gnu++0x";
				CLANG_CXX_LIBRARY = "libc++";
				CLANG_ENABLE_MODULES = YES;
				CLANG_ENABLE_OBJC_ARC = YES;
				CLANG_WARN_BOOL_CONVERSION = YES;
				CLANG_WARN_CONSTANT_CONVERSION = YES;
				CLANG_WARN_DIRECT_OBJC_ISA_USAGE = YES_ERROR;
				CLANG_WARN_EMPTY_BODY = YES;
				CLANG_WARN_ENUM_CONVERSION = YES;
				CLANG_WARN_INT_CONVERSION = YES;
				CLANG_WARN_OBJC_ROOT_CLASS = YES_ERROR;
				CLANG_WARN_UNREACHABLE_CODE = YES;
				CLANG_WARN__DUPLICATE_METHOD_MATCH = YES;
				"CODE_SIGN_IDENTITY[sdk=iphoneos*]" = "iPhone Developer";
				COPY_PHASE_STRIP = NO;
				ENABLE_STRICT_OBJC_MSGSEND = YES;
				GCC_C_LANGUAGE_STANDARD = gnu99;
				GCC_DYNAMIC_NO_PIC = NO;
				GCC_OPTIMIZATION_LEVEL = 0;
				GCC_PREPROCESSOR_DEFINITIONS = (
					"DEBUG=1",
					"$(inherited)",
				);
				GCC_SYMBOLS_PRIVATE_EXTERN = NO;
				GCC_WARN_64_TO_32_BIT_CONVERSION = YES;
				GCC_WARN_ABOUT_RETURN_TYPE = YES_ERROR;
				GCC_WARN_UNDECLARED_SELECTOR = YES;
				GCC_WARN_UNINITIALIZED_AUTOS = YES_AGGRESSIVE;
				GCC_WARN_UNUSED_FUNCTION = YES;
				GCC_WARN_UNUSED_VARIABLE = YES;
				IPHONEOS_DEPLOYMENT_TARGET = 8.1;
				MTL_ENABLE_DEBUG_INFO = YES;
				ONLY_ACTIVE_ARCH = YES;
				SDKROOT = iphoneos;
				SWIFT_OPTIMIZATION_LEVEL = "-Onone";
				TARGETED_DEVICE_FAMILY = "1,2";
			};
			name = Debug;
		};
		0237A9CA1A9ED8A300221F5E /* Release */ = {
			isa = XCBuildConfiguration;
			buildSettings = {
				ALWAYS_SEARCH_USER_PATHS = NO;
				CLANG_CXX_LANGUAGE_STANDARD = "gnu++0x";
				CLANG_CXX_LIBRARY = "libc++";
				CLANG_ENABLE_MODULES = YES;
				CLANG_ENABLE_OBJC_ARC = YES;
				CLANG_WARN_BOOL_CONVERSION = YES;
				CLANG_WARN_CONSTANT_CONVERSION = YES;
				CLANG_WARN_DIRECT_OBJC_ISA_USAGE = YES_ERROR;
				CLANG_WARN_EMPTY_BODY = YES;
				CLANG_WARN_ENUM_CONVERSION = YES;
				CLANG_WARN_INT_CONVERSION = YES;
				CLANG_WARN_OBJC_ROOT_CLASS = YES_ERROR;
				CLANG_WARN_UNREACHABLE_CODE = YES;
				CLANG_WARN__DUPLICATE_METHOD_MATCH = YES;
				"CODE_SIGN_IDENTITY[sdk=iphoneos*]" = "iPhone Developer";
				COPY_PHASE_STRIP = YES;
				ENABLE_NS_ASSERTIONS = NO;
				ENABLE_STRICT_OBJC_MSGSEND = YES;
				GCC_C_LANGUAGE_STANDARD = gnu99;
				GCC_WARN_64_TO_32_BIT_CONVERSION = YES;
				GCC_WARN_ABOUT_RETURN_TYPE = YES_ERROR;
				GCC_WARN_UNDECLARED_SELECTOR = YES;
				GCC_WARN_UNINITIALIZED_AUTOS = YES_AGGRESSIVE;
				GCC_WARN_UNUSED_FUNCTION = YES;
				GCC_WARN_UNUSED_VARIABLE = YES;
				IPHONEOS_DEPLOYMENT_TARGET = 8.1;
				MTL_ENABLE_DEBUG_INFO = NO;
				SDKROOT = iphoneos;
				TARGETED_DEVICE_FAMILY = "1,2";
				VALIDATE_PRODUCT = YES;
			};
			name = Release;
		};
		0237A9CC1A9ED8A300221F5E /* Debug */ = {
			isa = XCBuildConfiguration;
			baseConfigurationReference = A19A7960EC1DCC71A34BD2E3 /* Pods.debug.xcconfig */;
			buildSettings = {
				ASSETCATALOG_COMPILER_APPICON_NAME = AppIcon;
				CLANG_ENABLE_MODULES = YES;
				CODE_SIGN_IDENTITY = "iPhone Developer";
				EMBEDDED_CONTENT_CONTAINS_SWIFT = YES;
				INFOPLIST_FILE = swagswap/Info.plist;
				LD_RUNPATH_SEARCH_PATHS = "$(inherited) @executable_path/Frameworks";
				PRODUCT_NAME = "$(TARGET_NAME)";
				SWIFT_OBJC_BRIDGING_HEADER = "swagswap/swagswap-Bridging-Header.h";
				SWIFT_OPTIMIZATION_LEVEL = "-Onone";
			};
			name = Debug;
		};
		0237A9CD1A9ED8A300221F5E /* Release */ = {
			isa = XCBuildConfiguration;
			baseConfigurationReference = 056A6FA3F63DC68AF3D191C8 /* Pods.release.xcconfig */;
			buildSettings = {
				ASSETCATALOG_COMPILER_APPICON_NAME = AppIcon;
				CLANG_ENABLE_MODULES = YES;
				CODE_SIGN_IDENTITY = "iPhone Developer";
				EMBEDDED_CONTENT_CONTAINS_SWIFT = YES;
				INFOPLIST_FILE = swagswap/Info.plist;
				LD_RUNPATH_SEARCH_PATHS = "$(inherited) @executable_path/Frameworks";
				PRODUCT_NAME = "$(TARGET_NAME)";
				SWIFT_OBJC_BRIDGING_HEADER = "swagswap/swagswap-Bridging-Header.h";
			};
			name = Release;
		};
		0237A9CF1A9ED8A300221F5E /* Debug */ = {
			isa = XCBuildConfiguration;
			buildSettings = {
				BUNDLE_LOADER = "$(TEST_HOST)";
				FRAMEWORK_SEARCH_PATHS = (
					"$(SDKROOT)/Developer/Library/Frameworks",
					"$(inherited)",
				);
				GCC_PREPROCESSOR_DEFINITIONS = (
					"DEBUG=1",
					"$(inherited)",
				);
				INFOPLIST_FILE = swagswapTests/Info.plist;
				LD_RUNPATH_SEARCH_PATHS = "$(inherited) @executable_path/Frameworks @loader_path/Frameworks";
				PRODUCT_NAME = "$(TARGET_NAME)";
				TEST_HOST = "$(BUILT_PRODUCTS_DIR)/swagswap.app/swagswap";
			};
			name = Debug;
		};
		0237A9D01A9ED8A300221F5E /* Release */ = {
			isa = XCBuildConfiguration;
			buildSettings = {
				BUNDLE_LOADER = "$(TEST_HOST)";
				FRAMEWORK_SEARCH_PATHS = (
					"$(SDKROOT)/Developer/Library/Frameworks",
					"$(inherited)",
				);
				INFOPLIST_FILE = swagswapTests/Info.plist;
				LD_RUNPATH_SEARCH_PATHS = "$(inherited) @executable_path/Frameworks @loader_path/Frameworks";
				PRODUCT_NAME = "$(TARGET_NAME)";
				TEST_HOST = "$(BUILT_PRODUCTS_DIR)/swagswap.app/swagswap";
			};
			name = Release;
		};
/* End XCBuildConfiguration section */

/* Begin XCConfigurationList section */
		0237A9A71A9ED8A300221F5E /* Build configuration list for PBXProject "swagswap" */ = {
			isa = XCConfigurationList;
			buildConfigurations = (
				0237A9C91A9ED8A300221F5E /* Debug */,
				0237A9CA1A9ED8A300221F5E /* Release */,
			);
			defaultConfigurationIsVisible = 0;
			defaultConfigurationName = Release;
		};
		0237A9CB1A9ED8A300221F5E /* Build configuration list for PBXNativeTarget "swagswap" */ = {
			isa = XCConfigurationList;
			buildConfigurations = (
				0237A9CC1A9ED8A300221F5E /* Debug */,
				0237A9CD1A9ED8A300221F5E /* Release */,
			);
			defaultConfigurationIsVisible = 0;
			defaultConfigurationName = Release;
		};
		0237A9CE1A9ED8A300221F5E /* Build configuration list for PBXNativeTarget "swagswapTests" */ = {
			isa = XCConfigurationList;
			buildConfigurations = (
				0237A9CF1A9ED8A300221F5E /* Debug */,
				0237A9D01A9ED8A300221F5E /* Release */,
			);
			defaultConfigurationIsVisible = 0;
			defaultConfigurationName = Release;
		};
/* End XCConfigurationList section */
	};
	rootObject = 0237A9A41A9ED8A300221F5E /* Project object */;
}
